
Microsoft Visual Studio Solution File, Format Version 12.00
# Visual Studio Version 16
Project("{2150E333-8FDC-42A3-9474-1A3956D46DE8}") = "CMakePredefinedTargets", "CMakePredefinedTargets", "{014F400F-4760-3818-9E3F-BF6238F3D652}"
EndProject
Project("{2150E333-8FDC-42A3-9474-1A3956D46DE8}") = "GLFW3", "GLFW3", "{AB455C00-4318-3517-A569-6D3DEEFDBBFE}"
EndProject
Project("{2150E333-8FDC-42A3-9474-1A3956D46DE8}") = "Examples", "GLFW3\Examples", "{6FC38C6E-5339-3C3D-A34C-8F8662324B35}"
EndProject
Project("{2150E333-8FDC-42A3-9474-1A3956D46DE8}") = "Tests", "GLFW3\Tests", "{2791F4CD-5446-3672-8E57-1AED4E17424D}"
EndProject
Project("{8BC9CEB8-8B4A-11D0-8D11-00A0C91BC942}") = "ALL_BUILD", "ALL_BUILD.vcxproj", "{34C3CF53-1681-3108-99D7-147E7C42B9C6}"
	ProjectSection(ProjectDependencies) = postProject
		{5FA21022-7232-3742-B520-A2B88A800C82} = {5FA21022-7232-3742-B520-A2B88A800C82}
		{215C61C5-15E7-3885-9853-5715CD95F160} = {215C61C5-15E7-3885-9853-5715CD95F160}
		{D722EE9C-62DC-327E-A0AA-733AF7340AA9} = {D722EE9C-62DC-327E-A0AA-733AF7340AA9}
		{F6A6A8B0-8B3D-3A68-8859-8F4749DC331A} = {F6A6A8B0-8B3D-3A68-8859-8F4749DC331A}
		{25BFC13B-D2CB-3F2E-8C94-960099099734} = {25BFC13B-D2CB-3F2E-8C94-960099099734}
		{397A8970-20A5-3039-A6F9-4170093F395C} = {397A8970-20A5-3039-A6F9-4170093F395C}
		{30C9E8E4-4E44-3CBA-B7BA-B3EB6083468B} = {30C9E8E4-4E44-3CBA-B7BA-B3EB6083468B}
		{D205E8FD-95C0-3403-A729-351F37082E13} = {D205E8FD-95C0-3403-A729-351F37082E13}
		{B78042CA-433F-37E1-BCF8-FDF5890AC9E9} = {B78042CA-433F-37E1-BCF8-FDF5890AC9E9}
		{5919C133-755C-3869-ACB9-CD668ADD750B} = {5919C133-755C-3869-ACB9-CD668ADD750B}
		{C3233C75-BC8A-3675-A35A-C9CE8AD2FEEF} = {C3233C75-BC8A-3675-A35A-C9CE8AD2FEEF}
		{D4693873-D437-3653-AC3C-36888A6CF7B3} = {D4693873-D437-3653-AC3C-36888A6CF7B3}
		{0FD0762F-546A-3809-A103-7B7E8537ED57} = {0FD0762F-546A-3809-A103-7B7E8537ED57}
		{0EDF2B99-ABB7-35B6-B660-E6676BFA7251} = {0EDF2B99-ABB7-35B6-B660-E6676BFA7251}
		{67E236E1-82AC-32EA-9530-A723A69EBFE9} = {67E236E1-82AC-32EA-9530-A723A69EBFE9}
		{E5EAF601-6F1B-3357-996B-B920FE43243A} = {E5EAF601-6F1B-3357-996B-B920FE43243A}
		{6D1E775C-D866-3C3E-B71A-793ACE300F41} = {6D1E775C-D866-3C3E-B71A-793ACE300F41}
		{47C0F331-B82F-3290-9458-17CB2773151B} = {47C0F331-B82F-3290-9458-17CB2773151B}
		{0BCD85F5-4833-353C-84AC-264883B9E0FB} = {0BCD85F5-4833-353C-84AC-264883B9E0FB}
		{53F7BF3B-678E-3404-9AEE-3F3D4BCDCB0A} = {53F7BF3B-678E-3404-9AEE-3F3D4BCDCB0A}
		{A13BF692-3264-38D5-AD21-E8FCB138B583} = {A13BF692-3264-38D5-AD21-E8FCB138B583}
		{F6096422-CABF-322A-800C-3E3B910393B0} = {F6096422-CABF-322A-800C-3E3B910393B0}
		{9A766C7E-E566-388F-B494-EB269FC29943} = {9A766C7E-E566-388F-B494-EB269FC29943}
		{A42D931E-D105-35CD-8865-24DCBF2824E8} = {A42D931E-D105-35CD-8865-24DCBF2824E8}
		{2C829DA5-679A-3402-BC7E-373FF20D7751} = {2C829DA5-679A-3402-BC7E-373FF20D7751}
		{51FC32E0-6D46-3DE4-AC74-BEFBF6F55062} = {51FC32E0-6D46-3DE4-AC74-BEFBF6F55062}
		{D04EF373-89B0-31C6-A66D-B1B6F0049FD6} = {D04EF373-89B0-31C6-A66D-B1B6F0049FD6}
		{5E4B759A-2709-3CD9-A57F-A06CF968EA54} = {5E4B759A-2709-3CD9-A57F-A06CF968EA54}
		{161ECB27-701E-3390-89BF-BBE9BDB9510E} = {161ECB27-701E-3390-89BF-BBE9BDB9510E}
		{03F0E441-55E8-337B-9467-6A14076729E9} = {03F0E441-55E8-337B-9467-6A14076729E9}
		{78C64FA7-8E9B-3F48-8320-621BFE46CB06} = {78C64FA7-8E9B-3F48-8320-621BFE46CB06}
		{0B6FFAFB-0FB9-3DAA-BE92-DB524156903F} = {0B6FFAFB-0FB9-3DAA-BE92-DB524156903F}
		{C83B0B4A-24FE-3126-ACB6-9A4B929BE133} = {C83B0B4A-24FE-3126-ACB6-9A4B929BE133}
		{D5655046-7C32-3086-B4AA-7D72BA83429C} = {D5655046-7C32-3086-B4AA-7D72BA83429C}
		{440C7D4A-FA8E-3A4E-A8EB-DE68AAA81C62} = {440C7D4A-FA8E-3A4E-A8EB-DE68AAA81C62}
		{40DEBE86-6245-3239-BAAB-B81619A281E4} = {40DEBE86-6245-3239-BAAB-B81619A281E4}
		{EC7FF8ED-1F6F-33FE-8965-B4A9C6140DCA} = {EC7FF8ED-1F6F-33FE-8965-B4A9C6140DCA}
		{25F07712-7DE8-3386-BAD9-DE2F51C403D9} = {25F07712-7DE8-3386-BAD9-DE2F51C403D9}
		{902D5DE6-936B-3DAA-83F1-81EADE0C81C7} = {902D5DE6-936B-3DAA-83F1-81EADE0C81C7}
		{633B63E4-AC39-3498-A65E-8E40F5475B3B} = {633B63E4-AC39-3498-A65E-8E40F5475B3B}
		{8408FA1B-F316-39BD-9D35-EC9FE9D7766C} = {8408FA1B-F316-39BD-9D35-EC9FE9D7766C}
		{087A4104-0ABE-3F9E-9246-233FBC5EA95E} = {087A4104-0ABE-3F9E-9246-233FBC5EA95E}
		{2AC2CC3B-18C2-3D84-8707-8447A5130236} = {2AC2CC3B-18C2-3D84-8707-8447A5130236}
		{452B794A-A445-3548-A55F-9192B51D5315} = {452B794A-A445-3548-A55F-9192B51D5315}
		{C3C84C3D-BDBA-310F-B9AC-633887E54134} = {C3C84C3D-BDBA-310F-B9AC-633887E54134}
		{069AAE44-75A7-3520-A6EE-FD32F4348A98} = {069AAE44-75A7-3520-A6EE-FD32F4348A98}
		{45F60577-68C7-33EA-8E49-94C291509683} = {45F60577-68C7-33EA-8E49-94C291509683}
		{60F597B8-36A8-3B51-A47D-3C916F1B53AC} = {60F597B8-36A8-3B51-A47D-3C916F1B53AC}
		{4351D445-4699-3DEE-801A-287FB97C158A} = {4351D445-4699-3DEE-801A-287FB97C158A}
		{7E742AF4-E991-3E1A-9385-94188971D43E} = {7E742AF4-E991-3E1A-9385-94188971D43E}
		{DD4B797F-B567-367B-840B-739236E32FD2} = {DD4B797F-B567-367B-840B-739236E32FD2}
		{4360FF7A-16E0-3344-B411-20E39A060EE1} = {4360FF7A-16E0-3344-B411-20E39A060EE1}
		{7C4BC470-D90F-3044-84B5-B6489D721B14} = {7C4BC470-D90F-3044-84B5-B6489D721B14}
		{D20282A3-4C0E-303C-A560-416712BE5499} = {D20282A3-4C0E-303C-A560-416712BE5499}
		{846283A6-6457-3E70-952B-2439E99C3A2E} = {846283A6-6457-3E70-952B-2439E99C3A2E}
		{CB4FD2E7-C6BC-3762-BB8D-ECFDA18452C6} = {CB4FD2E7-C6BC-3762-BB8D-ECFDA18452C6}
		{38CCCEF2-FA50-390F-810E-0B6CFA0866AC} = {38CCCEF2-FA50-390F-810E-0B6CFA0866AC}
		{95DC0618-1C43-31E6-911F-C620ECA9C6F1} = {95DC0618-1C43-31E6-911F-C620ECA9C6F1}
		{41A223A9-FDB4-3595-8241-DD9464931689} = {41A223A9-FDB4-3595-8241-DD9464931689}
	EndProjectSection
EndProject
Project("{8BC9CEB8-8B4A-11D0-8D11-00A0C91BC942}") = "ANTTWEAKBAR_116_OGLCORE_GLFW", "external\ANTTWEAKBAR_116_OGLCORE_GLFW.vcxproj", "{5FA21022-7232-3742-B520-A2B88A800C82}"
	ProjectSection(ProjectDependencies) = postProject
		{30C9E8E4-4E44-3CBA-B7BA-B3EB6083468B} = {30C9E8E4-4E44-3CBA-B7BA-B3EB6083468B}
	EndProjectSection
EndProject
Project("{8BC9CEB8-8B4A-11D0-8D11-00A0C91BC942}") = "BulletCollision", "external\bullet-2.81-rev2613\src\BulletCollision\BulletCollision.vcxproj", "{215C61C5-15E7-3885-9853-5715CD95F160}"
	ProjectSection(ProjectDependencies) = postProject
		{30C9E8E4-4E44-3CBA-B7BA-B3EB6083468B} = {30C9E8E4-4E44-3CBA-B7BA-B3EB6083468B}
	EndProjectSection
EndProject
Project("{8BC9CEB8-8B4A-11D0-8D11-00A0C91BC942}") = "BulletDynamics", "external\bullet-2.81-rev2613\src\BulletDynamics\BulletDynamics.vcxproj", "{D722EE9C-62DC-327E-A0AA-733AF7340AA9}"
	ProjectSection(ProjectDependencies) = postProject
		{30C9E8E4-4E44-3CBA-B7BA-B3EB6083468B} = {30C9E8E4-4E44-3CBA-B7BA-B3EB6083468B}
	EndProjectSection
EndProject
Project("{8BC9CEB8-8B4A-11D0-8D11-00A0C91BC942}") = "BulletSoftBody", "external\bullet-2.81-rev2613\src\BulletSoftBody\BulletSoftBody.vcxproj", "{F6A6A8B0-8B3D-3A68-8859-8F4749DC331A}"
	ProjectSection(ProjectDependencies) = postProject
		{30C9E8E4-4E44-3CBA-B7BA-B3EB6083468B} = {30C9E8E4-4E44-3CBA-B7BA-B3EB6083468B}
	EndProjectSection
EndProject
Project("{8BC9CEB8-8B4A-11D0-8D11-00A0C91BC942}") = "GLEW_1130", "external\GLEW_1130.vcxproj", "{25BFC13B-D2CB-3F2E-8C94-960099099734}"
	ProjectSection(ProjectDependencies) = postProject
		{30C9E8E4-4E44-3CBA-B7BA-B3EB6083468B} = {30C9E8E4-4E44-3CBA-B7BA-B3EB6083468B}
	EndProjectSection
EndProject
Project("{8BC9CEB8-8B4A-11D0-8D11-00A0C91BC942}") = "INSTALL", "INSTALL.vcxproj", "{06F5D842-76AC-3D15-9EA1-F1770475D2C0}"
	ProjectSection(ProjectDependencies) = postProject
		{34C3CF53-1681-3108-99D7-147E7C42B9C6} = {34C3CF53-1681-3108-99D7-147E7C42B9C6}
		{30C9E8E4-4E44-3CBA-B7BA-B3EB6083468B} = {30C9E8E4-4E44-3CBA-B7BA-B3EB6083468B}
	EndProjectSection
EndProject
Project("{8BC9CEB8-8B4A-11D0-8D11-00A0C91BC942}") = "LinearMath", "external\bullet-2.81-rev2613\src\LinearMath\LinearMath.vcxproj", "{397A8970-20A5-3039-A6F9-4170093F395C}"
	ProjectSection(ProjectDependencies) = postProject
		{30C9E8E4-4E44-3CBA-B7BA-B3EB6083468B} = {30C9E8E4-4E44-3CBA-B7BA-B3EB6083468B}
	EndProjectSection
EndProject
Project("{8BC9CEB8-8B4A-11D0-8D11-00A0C91BC942}") = "ZERO_CHECK", "ZERO_CHECK.vcxproj", "{30C9E8E4-4E44-3CBA-B7BA-B3EB6083468B}"
	ProjectSection(ProjectDependencies) = postProject
	EndProjectSection
EndProject
Project("{8BC9CEB8-8B4A-11D0-8D11-00A0C91BC942}") = "assimp", "external\assimp-3.0.1270\code\assimp.vcxproj", "{D205E8FD-95C0-3403-A729-351F37082E13}"
	ProjectSection(ProjectDependencies) = postProject
		{30C9E8E4-4E44-3CBA-B7BA-B3EB6083468B} = {30C9E8E4-4E44-3CBA-B7BA-B3EB6083468B}
		{41A223A9-FDB4-3595-8241-DD9464931689} = {41A223A9-FDB4-3595-8241-DD9464931689}
	EndProjectSection
EndProject
Project("{8BC9CEB8-8B4A-11D0-8D11-00A0C91BC942}") = "boing", "external\glfw-3.1.2\examples\boing.vcxproj", "{B78042CA-433F-37E1-BCF8-FDF5890AC9E9}"
	ProjectSection(ProjectDependencies) = postProject
		{30C9E8E4-4E44-3CBA-B7BA-B3EB6083468B} = {30C9E8E4-4E44-3CBA-B7BA-B3EB6083468B}
		{E5EAF601-6F1B-3357-996B-B920FE43243A} = {E5EAF601-6F1B-3357-996B-B920FE43243A}
	EndProjectSection
EndProject
Project("{8BC9CEB8-8B4A-11D0-8D11-00A0C91BC942}") = "clipboard", "external\glfw-3.1.2\tests\clipboard.vcxproj", "{5919C133-755C-3869-ACB9-CD668ADD750B}"
	ProjectSection(ProjectDependencies) = postProject
		{30C9E8E4-4E44-3CBA-B7BA-B3EB6083468B} = {30C9E8E4-4E44-3CBA-B7BA-B3EB6083468B}
		{E5EAF601-6F1B-3357-996B-B920FE43243A} = {E5EAF601-6F1B-3357-996B-B920FE43243A}
	EndProjectSection
EndProject
Project("{8BC9CEB8-8B4A-11D0-8D11-00A0C91BC942}") = "cursor", "external\glfw-3.1.2\tests\cursor.vcxproj", "{C3233C75-BC8A-3675-A35A-C9CE8AD2FEEF}"
	ProjectSection(ProjectDependencies) = postProject
		{30C9E8E4-4E44-3CBA-B7BA-B3EB6083468B} = {30C9E8E4-4E44-3CBA-B7BA-B3EB6083468B}
		{E5EAF601-6F1B-3357-996B-B920FE43243A} = {E5EAF601-6F1B-3357-996B-B920FE43243A}
	EndProjectSection
EndProject
Project("{8BC9CEB8-8B4A-11D0-8D11-00A0C91BC942}") = "empty", "external\glfw-3.1.2\tests\empty.vcxproj", "{D4693873-D437-3653-AC3C-36888A6CF7B3}"
	ProjectSection(ProjectDependencies) = postProject
		{30C9E8E4-4E44-3CBA-B7BA-B3EB6083468B} = {30C9E8E4-4E44-3CBA-B7BA-B3EB6083468B}
		{E5EAF601-6F1B-3357-996B-B920FE43243A} = {E5EAF601-6F1B-3357-996B-B920FE43243A}
	EndProjectSection
EndProject
Project("{8BC9CEB8-8B4A-11D0-8D11-00A0C91BC942}") = "events", "external\glfw-3.1.2\tests\events.vcxproj", "{0FD0762F-546A-3809-A103-7B7E8537ED57}"
	ProjectSection(ProjectDependencies) = postProject
		{30C9E8E4-4E44-3CBA-B7BA-B3EB6083468B} = {30C9E8E4-4E44-3CBA-B7BA-B3EB6083468B}
		{E5EAF601-6F1B-3357-996B-B920FE43243A} = {E5EAF601-6F1B-3357-996B-B920FE43243A}
	EndProjectSection
EndProject
Project("{8BC9CEB8-8B4A-11D0-8D11-00A0C91BC942}") = "gamma", "external\glfw-3.1.2\tests\gamma.vcxproj", "{0EDF2B99-ABB7-35B6-B660-E6676BFA7251}"
	ProjectSection(ProjectDependencies) = postProject
		{30C9E8E4-4E44-3CBA-B7BA-B3EB6083468B} = {30C9E8E4-4E44-3CBA-B7BA-B3EB6083468B}
		{E5EAF601-6F1B-3357-996B-B920FE43243A} = {E5EAF601-6F1B-3357-996B-B920FE43243A}
	EndProjectSection
EndProject
Project("{8BC9CEB8-8B4A-11D0-8D11-00A0C91BC942}") = "gears", "external\glfw-3.1.2\examples\gears.vcxproj", "{67E236E1-82AC-32EA-9530-A723A69EBFE9}"
	ProjectSection(ProjectDependencies) = postProject
		{30C9E8E4-4E44-3CBA-B7BA-B3EB6083468B} = {30C9E8E4-4E44-3CBA-B7BA-B3EB6083468B}
		{E5EAF601-6F1B-3357-996B-B920FE43243A} = {E5EAF601-6F1B-3357-996B-B920FE43243A}
	EndProjectSection
EndProject
Project("{8BC9CEB8-8B4A-11D0-8D11-00A0C91BC942}") = "glfw", "external\glfw-3.1.2\src\glfw.vcxproj", "{E5EAF601-6F1B-3357-996B-B920FE43243A}"
	ProjectSection(ProjectDependencies) = postProject
		{30C9E8E4-4E44-3CBA-B7BA-B3EB6083468B} = {30C9E8E4-4E44-3CBA-B7BA-B3EB6083468B}
	EndProjectSection
EndProject
Project("{8BC9CEB8-8B4A-11D0-8D11-00A0C91BC942}") = "glfwinfo", "external\glfw-3.1.2\tests\glfwinfo.vcxproj", "{6D1E775C-D866-3C3E-B71A-793ACE300F41}"
	ProjectSection(ProjectDependencies) = postProject
		{30C9E8E4-4E44-3CBA-B7BA-B3EB6083468B} = {30C9E8E4-4E44-3CBA-B7BA-B3EB6083468B}
		{E5EAF601-6F1B-3357-996B-B920FE43243A} = {E5EAF601-6F1B-3357-996B-B920FE43243A}
	EndProjectSection
EndProject
Project("{8BC9CEB8-8B4A-11D0-8D11-00A0C91BC942}") = "heightmap", "external\glfw-3.1.2\examples\heightmap.vcxproj", "{47C0F331-B82F-3290-9458-17CB2773151B}"
	ProjectSection(ProjectDependencies) = postProject
		{30C9E8E4-4E44-3CBA-B7BA-B3EB6083468B} = {30C9E8E4-4E44-3CBA-B7BA-B3EB6083468B}
		{E5EAF601-6F1B-3357-996B-B920FE43243A} = {E5EAF601-6F1B-3357-996B-B920FE43243A}
	EndProjectSection
EndProject
Project("{8BC9CEB8-8B4A-11D0-8D11-00A0C91BC942}") = "iconify", "external\glfw-3.1.2\tests\iconify.vcxproj", "{0BCD85F5-4833-353C-84AC-264883B9E0FB}"
	ProjectSection(ProjectDependencies) = postProject
		{30C9E8E4-4E44-3CBA-B7BA-B3EB6083468B} = {30C9E8E4-4E44-3CBA-B7BA-B3EB6083468B}
		{E5EAF601-6F1B-3357-996B-B920FE43243A} = {E5EAF601-6F1B-3357-996B-B920FE43243A}
	EndProjectSection
EndProject
Project("{8BC9CEB8-8B4A-11D0-8D11-00A0C91BC942}") = "joysticks", "external\glfw-3.1.2\tests\joysticks.vcxproj", "{53F7BF3B-678E-3404-9AEE-3F3D4BCDCB0A}"
	ProjectSection(ProjectDependencies) = postProject
		{30C9E8E4-4E44-3CBA-B7BA-B3EB6083468B} = {30C9E8E4-4E44-3CBA-B7BA-B3EB6083468B}
		{E5EAF601-6F1B-3357-996B-B920FE43243A} = {E5EAF601-6F1B-3357-996B-B920FE43243A}
	EndProjectSection
EndProject
Project("{8BC9CEB8-8B4A-11D0-8D11-00A0C91BC942}") = "misc05_picking_BulletPhysics", "misc05_picking_BulletPhysics.vcxproj", "{A13BF692-3264-38D5-AD21-E8FCB138B583}"
	ProjectSection(ProjectDependencies) = postProject
		{5FA21022-7232-3742-B520-A2B88A800C82} = {5FA21022-7232-3742-B520-A2B88A800C82}
		{215C61C5-15E7-3885-9853-5715CD95F160} = {215C61C5-15E7-3885-9853-5715CD95F160}
		{D722EE9C-62DC-327E-A0AA-733AF7340AA9} = {D722EE9C-62DC-327E-A0AA-733AF7340AA9}
		{25BFC13B-D2CB-3F2E-8C94-960099099734} = {25BFC13B-D2CB-3F2E-8C94-960099099734}
		{397A8970-20A5-3039-A6F9-4170093F395C} = {397A8970-20A5-3039-A6F9-4170093F395C}
		{30C9E8E4-4E44-3CBA-B7BA-B3EB6083468B} = {30C9E8E4-4E44-3CBA-B7BA-B3EB6083468B}
		{E5EAF601-6F1B-3357-996B-B920FE43243A} = {E5EAF601-6F1B-3357-996B-B920FE43243A}
	EndProjectSection
EndProject
Project("{8BC9CEB8-8B4A-11D0-8D11-00A0C91BC942}") = "misc05_picking_custom", "misc05_picking_custom.vcxproj", "{F6096422-CABF-322A-800C-3E3B910393B0}"
	ProjectSection(ProjectDependencies) = postProject
		{5FA21022-7232-3742-B520-A2B88A800C82} = {5FA21022-7232-3742-B520-A2B88A800C82}
		{25BFC13B-D2CB-3F2E-8C94-960099099734} = {25BFC13B-D2CB-3F2E-8C94-960099099734}
		{30C9E8E4-4E44-3CBA-B7BA-B3EB6083468B} = {30C9E8E4-4E44-3CBA-B7BA-B3EB6083468B}
		{E5EAF601-6F1B-3357-996B-B920FE43243A} = {E5EAF601-6F1B-3357-996B-B920FE43243A}
	EndProjectSection
EndProject
Project("{8BC9CEB8-8B4A-11D0-8D11-00A0C91BC942}") = "misc05_picking_slow_easy", "misc05_picking_slow_easy.vcxproj", "{9A766C7E-E566-388F-B494-EB269FC29943}"
	ProjectSection(ProjectDependencies) = postProject
		{5FA21022-7232-3742-B520-A2B88A800C82} = {5FA21022-7232-3742-B520-A2B88A800C82}
		{25BFC13B-D2CB-3F2E-8C94-960099099734} = {25BFC13B-D2CB-3F2E-8C94-960099099734}
		{30C9E8E4-4E44-3CBA-B7BA-B3EB6083468B} = {30C9E8E4-4E44-3CBA-B7BA-B3EB6083468B}
		{E5EAF601-6F1B-3357-996B-B920FE43243A} = {E5EAF601-6F1B-3357-996B-B920FE43243A}
	EndProjectSection
EndProject
Project("{8BC9CEB8-8B4A-11D0-8D11-00A0C91BC942}") = "monitors", "external\glfw-3.1.2\tests\monitors.vcxproj", "{A42D931E-D105-35CD-8865-24DCBF2824E8}"
	ProjectSection(ProjectDependencies) = postProject
		{30C9E8E4-4E44-3CBA-B7BA-B3EB6083468B} = {30C9E8E4-4E44-3CBA-B7BA-B3EB6083468B}
		{E5EAF601-6F1B-3357-996B-B920FE43243A} = {E5EAF601-6F1B-3357-996B-B920FE43243A}
	EndProjectSection
EndProject
Project("{8BC9CEB8-8B4A-11D0-8D11-00A0C91BC942}") = "msaa", "external\glfw-3.1.2\tests\msaa.vcxproj", "{2C829DA5-679A-3402-BC7E-373FF20D7751}"
	ProjectSection(ProjectDependencies) = postProject
		{30C9E8E4-4E44-3CBA-B7BA-B3EB6083468B} = {30C9E8E4-4E44-3CBA-B7BA-B3EB6083468B}
		{E5EAF601-6F1B-3357-996B-B920FE43243A} = {E5EAF601-6F1B-3357-996B-B920FE43243A}
	EndProjectSection
EndProject
Project("{8BC9CEB8-8B4A-11D0-8D11-00A0C91BC942}") = "particles", "external\glfw-3.1.2\examples\particles.vcxproj", "{51FC32E0-6D46-3DE4-AC74-BEFBF6F55062}"
	ProjectSection(ProjectDependencies) = postProject
		{30C9E8E4-4E44-3CBA-B7BA-B3EB6083468B} = {30C9E8E4-4E44-3CBA-B7BA-B3EB6083468B}
		{E5EAF601-6F1B-3357-996B-B920FE43243A} = {E5EAF601-6F1B-3357-996B-B920FE43243A}
	EndProjectSection
EndProject
Project("{8BC9CEB8-8B4A-11D0-8D11-00A0C91BC942}") = "playground", "playground.vcxproj", "{D04EF373-89B0-31C6-A66D-B1B6F0049FD6}"
	ProjectSection(ProjectDependencies) = postProject
		{25BFC13B-D2CB-3F2E-8C94-960099099734} = {25BFC13B-D2CB-3F2E-8C94-960099099734}
		{30C9E8E4-4E44-3CBA-B7BA-B3EB6083468B} = {30C9E8E4-4E44-3CBA-B7BA-B3EB6083468B}
		{E5EAF601-6F1B-3357-996B-B920FE43243A} = {E5EAF601-6F1B-3357-996B-B920FE43243A}
	EndProjectSection
EndProject
Project("{8BC9CEB8-8B4A-11D0-8D11-00A0C91BC942}") = "reopen", "external\glfw-3.1.2\tests\reopen.vcxproj", "{5E4B759A-2709-3CD9-A57F-A06CF968EA54}"
	ProjectSection(ProjectDependencies) = postProject
		{30C9E8E4-4E44-3CBA-B7BA-B3EB6083468B} = {30C9E8E4-4E44-3CBA-B7BA-B3EB6083468B}
		{E5EAF601-6F1B-3357-996B-B920FE43243A} = {E5EAF601-6F1B-3357-996B-B920FE43243A}
	EndProjectSection
EndProject
Project("{8BC9CEB8-8B4A-11D0-8D11-00A0C91BC942}") = "sharing", "external\glfw-3.1.2\tests\sharing.vcxproj", "{161ECB27-701E-3390-89BF-BBE9BDB9510E}"
	ProjectSection(ProjectDependencies) = postProject
		{30C9E8E4-4E44-3CBA-B7BA-B3EB6083468B} = {30C9E8E4-4E44-3CBA-B7BA-B3EB6083468B}
		{E5EAF601-6F1B-3357-996B-B920FE43243A} = {E5EAF601-6F1B-3357-996B-B920FE43243A}
	EndProjectSection
EndProject
Project("{8BC9CEB8-8B4A-11D0-8D11-00A0C91BC942}") = "simple", "external\glfw-3.1.2\examples\simple.vcxproj", "{03F0E441-55E8-337B-9467-6A14076729E9}"
	ProjectSection(ProjectDependencies) = postProject
		{30C9E8E4-4E44-3CBA-B7BA-B3EB6083468B} = {30C9E8E4-4E44-3CBA-B7BA-B3EB6083468B}
		{E5EAF601-6F1B-3357-996B-B920FE43243A} = {E5EAF601-6F1B-3357-996B-B920FE43243A}
	EndProjectSection
EndProject
Project("{8BC9CEB8-8B4A-11D0-8D11-00A0C91BC942}") = "splitview", "external\glfw-3.1.2\examples\splitview.vcxproj", "{78C64FA7-8E9B-3F48-8320-621BFE46CB06}"
	ProjectSection(ProjectDependencies) = postProject
		{30C9E8E4-4E44-3CBA-B7BA-B3EB6083468B} = {30C9E8E4-4E44-3CBA-B7BA-B3EB6083468B}
		{E5EAF601-6F1B-3357-996B-B920FE43243A} = {E5EAF601-6F1B-3357-996B-B920FE43243A}
	EndProjectSection
EndProject
Project("{8BC9CEB8-8B4A-11D0-8D11-00A0C91BC942}") = "tearing", "external\glfw-3.1.2\tests\tearing.vcxproj", "{0B6FFAFB-0FB9-3DAA-BE92-DB524156903F}"
	ProjectSection(ProjectDependencies) = postProject
		{30C9E8E4-4E44-3CBA-B7BA-B3EB6083468B} = {30C9E8E4-4E44-3CBA-B7BA-B3EB6083468B}
		{E5EAF601-6F1B-3357-996B-B920FE43243A} = {E5EAF601-6F1B-3357-996B-B920FE43243A}
	EndProjectSection
EndProject
Project("{8BC9CEB8-8B4A-11D0-8D11-00A0C91BC942}") = "threads", "external\glfw-3.1.2\tests\threads.vcxproj", "{C83B0B4A-24FE-3126-ACB6-9A4B929BE133}"
	ProjectSection(ProjectDependencies) = postProject
		{30C9E8E4-4E44-3CBA-B7BA-B3EB6083468B} = {30C9E8E4-4E44-3CBA-B7BA-B3EB6083468B}
		{E5EAF601-6F1B-3357-996B-B920FE43243A} = {E5EAF601-6F1B-3357-996B-B920FE43243A}
	EndProjectSection
EndProject
Project("{8BC9CEB8-8B4A-11D0-8D11-00A0C91BC942}") = "title", "external\glfw-3.1.2\tests\title.vcxproj", "{D5655046-7C32-3086-B4AA-7D72BA83429C}"
	ProjectSection(ProjectDependencies) = postProject
		{30C9E8E4-4E44-3CBA-B7BA-B3EB6083468B} = {30C9E8E4-4E44-3CBA-B7BA-B3EB6083468B}
		{E5EAF601-6F1B-3357-996B-B920FE43243A} = {E5EAF601-6F1B-3357-996B-B920FE43243A}
	EndProjectSection
EndProject
Project("{8BC9CEB8-8B4A-11D0-8D11-00A0C91BC942}") = "tutorial01_first_window", "tutorial01_first_window.vcxproj", "{440C7D4A-FA8E-3A4E-A8EB-DE68AAA81C62}"
	ProjectSection(ProjectDependencies) = postProject
		{25BFC13B-D2CB-3F2E-8C94-960099099734} = {25BFC13B-D2CB-3F2E-8C94-960099099734}
		{30C9E8E4-4E44-3CBA-B7BA-B3EB6083468B} = {30C9E8E4-4E44-3CBA-B7BA-B3EB6083468B}
		{E5EAF601-6F1B-3357-996B-B920FE43243A} = {E5EAF601-6F1B-3357-996B-B920FE43243A}
	EndProjectSection
EndProject
Project("{8BC9CEB8-8B4A-11D0-8D11-00A0C91BC942}") = "tutorial02_red_triangle", "tutorial02_red_triangle.vcxproj", "{40DEBE86-6245-3239-BAAB-B81619A281E4}"
	ProjectSection(ProjectDependencies) = postProject
		{25BFC13B-D2CB-3F2E-8C94-960099099734} = {25BFC13B-D2CB-3F2E-8C94-960099099734}
		{30C9E8E4-4E44-3CBA-B7BA-B3EB6083468B} = {30C9E8E4-4E44-3CBA-B7BA-B3EB6083468B}
		{E5EAF601-6F1B-3357-996B-B920FE43243A} = {E5EAF601-6F1B-3357-996B-B920FE43243A}
	EndProjectSection
EndProject
Project("{8BC9CEB8-8B4A-11D0-8D11-00A0C91BC942}") = "tutorial03_matrices", "tutorial03_matrices.vcxproj", "{EC7FF8ED-1F6F-33FE-8965-B4A9C6140DCA}"
	ProjectSection(ProjectDependencies) = postProject
		{25BFC13B-D2CB-3F2E-8C94-960099099734} = {25BFC13B-D2CB-3F2E-8C94-960099099734}
		{30C9E8E4-4E44-3CBA-B7BA-B3EB6083468B} = {30C9E8E4-4E44-3CBA-B7BA-B3EB6083468B}
		{E5EAF601-6F1B-3357-996B-B920FE43243A} = {E5EAF601-6F1B-3357-996B-B920FE43243A}
	EndProjectSection
EndProject
Project("{8BC9CEB8-8B4A-11D0-8D11-00A0C91BC942}") = "tutorial04_colored_cube", "tutorial04_colored_cube.vcxproj", "{25F07712-7DE8-3386-BAD9-DE2F51C403D9}"
	ProjectSection(ProjectDependencies) = postProject
		{25BFC13B-D2CB-3F2E-8C94-960099099734} = {25BFC13B-D2CB-3F2E-8C94-960099099734}
		{30C9E8E4-4E44-3CBA-B7BA-B3EB6083468B} = {30C9E8E4-4E44-3CBA-B7BA-B3EB6083468B}
		{E5EAF601-6F1B-3357-996B-B920FE43243A} = {E5EAF601-6F1B-3357-996B-B920FE43243A}
	EndProjectSection
EndProject
Project("{8BC9CEB8-8B4A-11D0-8D11-00A0C91BC942}") = "tutorial05_textured_cube", "tutorial05_textured_cube.vcxproj", "{902D5DE6-936B-3DAA-83F1-81EADE0C81C7}"
	ProjectSection(ProjectDependencies) = postProject
		{25BFC13B-D2CB-3F2E-8C94-960099099734} = {25BFC13B-D2CB-3F2E-8C94-960099099734}
		{30C9E8E4-4E44-3CBA-B7BA-B3EB6083468B} = {30C9E8E4-4E44-3CBA-B7BA-B3EB6083468B}
		{E5EAF601-6F1B-3357-996B-B920FE43243A} = {E5EAF601-6F1B-3357-996B-B920FE43243A}
	EndProjectSection
EndProject
Project("{8BC9CEB8-8B4A-11D0-8D11-00A0C91BC942}") = "tutorial06_keyboard_and_mouse", "tutorial06_keyboard_and_mouse.vcxproj", "{633B63E4-AC39-3498-A65E-8E40F5475B3B}"
	ProjectSection(ProjectDependencies) = postProject
		{25BFC13B-D2CB-3F2E-8C94-960099099734} = {25BFC13B-D2CB-3F2E-8C94-960099099734}
		{30C9E8E4-4E44-3CBA-B7BA-B3EB6083468B} = {30C9E8E4-4E44-3CBA-B7BA-B3EB6083468B}
		{E5EAF601-6F1B-3357-996B-B920FE43243A} = {E5EAF601-6F1B-3357-996B-B920FE43243A}
	EndProjectSection
EndProject
Project("{8BC9CEB8-8B4A-11D0-8D11-00A0C91BC942}") = "tutorial07_model_loading", "tutorial07_model_loading.vcxproj", "{8408FA1B-F316-39BD-9D35-EC9FE9D7766C}"
	ProjectSection(ProjectDependencies) = postProject
		{25BFC13B-D2CB-3F2E-8C94-960099099734} = {25BFC13B-D2CB-3F2E-8C94-960099099734}
		{30C9E8E4-4E44-3CBA-B7BA-B3EB6083468B} = {30C9E8E4-4E44-3CBA-B7BA-B3EB6083468B}
		{E5EAF601-6F1B-3357-996B-B920FE43243A} = {E5EAF601-6F1B-3357-996B-B920FE43243A}
	EndProjectSection
EndProject
Project("{8BC9CEB8-8B4A-11D0-8D11-00A0C91BC942}") = "tutorial08_basic_shading", "tutorial08_basic_shading.vcxproj", "{087A4104-0ABE-3F9E-9246-233FBC5EA95E}"
	ProjectSection(ProjectDependencies) = postProject
		{25BFC13B-D2CB-3F2E-8C94-960099099734} = {25BFC13B-D2CB-3F2E-8C94-960099099734}
		{30C9E8E4-4E44-3CBA-B7BA-B3EB6083468B} = {30C9E8E4-4E44-3CBA-B7BA-B3EB6083468B}
		{E5EAF601-6F1B-3357-996B-B920FE43243A} = {E5EAF601-6F1B-3357-996B-B920FE43243A}
	EndProjectSection
EndProject
Project("{8BC9CEB8-8B4A-11D0-8D11-00A0C91BC942}") = "tutorial09_AssImp", "tutorial09_AssImp.vcxproj", "{2AC2CC3B-18C2-3D84-8707-8447A5130236}"
	ProjectSection(ProjectDependencies) = postProject
		{25BFC13B-D2CB-3F2E-8C94-960099099734} = {25BFC13B-D2CB-3F2E-8C94-960099099734}
		{30C9E8E4-4E44-3CBA-B7BA-B3EB6083468B} = {30C9E8E4-4E44-3CBA-B7BA-B3EB6083468B}
		{D205E8FD-95C0-3403-A729-351F37082E13} = {D205E8FD-95C0-3403-A729-351F37082E13}
		{E5EAF601-6F1B-3357-996B-B920FE43243A} = {E5EAF601-6F1B-3357-996B-B920FE43243A}
		{41A223A9-FDB4-3595-8241-DD9464931689} = {41A223A9-FDB4-3595-8241-DD9464931689}
	EndProjectSection
EndProject
Project("{8BC9CEB8-8B4A-11D0-8D11-00A0C91BC942}") = "tutorial09_several_objects", "tutorial09_several_objects.vcxproj", "{452B794A-A445-3548-A55F-9192B51D5315}"
	ProjectSection(ProjectDependencies) = postProject
		{25BFC13B-D2CB-3F2E-8C94-960099099734} = {25BFC13B-D2CB-3F2E-8C94-960099099734}
		{30C9E8E4-4E44-3CBA-B7BA-B3EB6083468B} = {30C9E8E4-4E44-3CBA-B7BA-B3EB6083468B}
		{E5EAF601-6F1B-3357-996B-B920FE43243A} = {E5EAF601-6F1B-3357-996B-B920FE43243A}
	EndProjectSection
EndProject
Project("{8BC9CEB8-8B4A-11D0-8D11-00A0C91BC942}") = "tutorial09_vbo_indexing", "tutorial09_vbo_indexing.vcxproj", "{C3C84C3D-BDBA-310F-B9AC-633887E54134}"
	ProjectSection(ProjectDependencies) = postProject
		{25BFC13B-D2CB-3F2E-8C94-960099099734} = {25BFC13B-D2CB-3F2E-8C94-960099099734}
		{30C9E8E4-4E44-3CBA-B7BA-B3EB6083468B} = {30C9E8E4-4E44-3CBA-B7BA-B3EB6083468B}
		{E5EAF601-6F1B-3357-996B-B920FE43243A} = {E5EAF601-6F1B-3357-996B-B920FE43243A}
	EndProjectSection
EndProject
Project("{8BC9CEB8-8B4A-11D0-8D11-00A0C91BC942}") = "tutorial10_transparency", "tutorial10_transparency.vcxproj", "{069AAE44-75A7-3520-A6EE-FD32F4348A98}"
	ProjectSection(ProjectDependencies) = postProject
		{25BFC13B-D2CB-3F2E-8C94-960099099734} = {25BFC13B-D2CB-3F2E-8C94-960099099734}
		{30C9E8E4-4E44-3CBA-B7BA-B3EB6083468B} = {30C9E8E4-4E44-3CBA-B7BA-B3EB6083468B}
		{E5EAF601-6F1B-3357-996B-B920FE43243A} = {E5EAF601-6F1B-3357-996B-B920FE43243A}
	EndProjectSection
EndProject
Project("{8BC9CEB8-8B4A-11D0-8D11-00A0C91BC942}") = "tutorial11_2d_fonts", "tutorial11_2d_fonts.vcxproj", "{45F60577-68C7-33EA-8E49-94C291509683}"
	ProjectSection(ProjectDependencies) = postProject
		{25BFC13B-D2CB-3F2E-8C94-960099099734} = {25BFC13B-D2CB-3F2E-8C94-960099099734}
		{30C9E8E4-4E44-3CBA-B7BA-B3EB6083468B} = {30C9E8E4-4E44-3CBA-B7BA-B3EB6083468B}
		{E5EAF601-6F1B-3357-996B-B920FE43243A} = {E5EAF601-6F1B-3357-996B-B920FE43243A}
	EndProjectSection
EndProject
Project("{8BC9CEB8-8B4A-11D0-8D11-00A0C91BC942}") = "tutorial12_extensions", "tutorial12_extensions.vcxproj", "{60F597B8-36A8-3B51-A47D-3C916F1B53AC}"
	ProjectSection(ProjectDependencies) = postProject
		{25BFC13B-D2CB-3F2E-8C94-960099099734} = {25BFC13B-D2CB-3F2E-8C94-960099099734}
		{30C9E8E4-4E44-3CBA-B7BA-B3EB6083468B} = {30C9E8E4-4E44-3CBA-B7BA-B3EB6083468B}
		{E5EAF601-6F1B-3357-996B-B920FE43243A} = {E5EAF601-6F1B-3357-996B-B920FE43243A}
	EndProjectSection
EndProject
Project("{8BC9CEB8-8B4A-11D0-8D11-00A0C91BC942}") = "tutorial13_normal_mapping", "tutorial13_normal_mapping.vcxproj", "{4351D445-4699-3DEE-801A-287FB97C158A}"
	ProjectSection(ProjectDependencies) = postProject
		{25BFC13B-D2CB-3F2E-8C94-960099099734} = {25BFC13B-D2CB-3F2E-8C94-960099099734}
		{30C9E8E4-4E44-3CBA-B7BA-B3EB6083468B} = {30C9E8E4-4E44-3CBA-B7BA-B3EB6083468B}
		{E5EAF601-6F1B-3357-996B-B920FE43243A} = {E5EAF601-6F1B-3357-996B-B920FE43243A}
	EndProjectSection
EndProject
Project("{8BC9CEB8-8B4A-11D0-8D11-00A0C91BC942}") = "tutorial14_render_to_texture", "tutorial14_render_to_texture.vcxproj", "{7E742AF4-E991-3E1A-9385-94188971D43E}"
	ProjectSection(ProjectDependencies) = postProject
		{25BFC13B-D2CB-3F2E-8C94-960099099734} = {25BFC13B-D2CB-3F2E-8C94-960099099734}
		{30C9E8E4-4E44-3CBA-B7BA-B3EB6083468B} = {30C9E8E4-4E44-3CBA-B7BA-B3EB6083468B}
		{E5EAF601-6F1B-3357-996B-B920FE43243A} = {E5EAF601-6F1B-3357-996B-B920FE43243A}
	EndProjectSection
EndProject
Project("{8BC9CEB8-8B4A-11D0-8D11-00A0C91BC942}") = "tutorial15_lightmaps", "tutorial15_lightmaps.vcxproj", "{DD4B797F-B567-367B-840B-739236E32FD2}"
	ProjectSection(ProjectDependencies) = postProject
		{25BFC13B-D2CB-3F2E-8C94-960099099734} = {25BFC13B-D2CB-3F2E-8C94-960099099734}
		{30C9E8E4-4E44-3CBA-B7BA-B3EB6083468B} = {30C9E8E4-4E44-3CBA-B7BA-B3EB6083468B}
		{E5EAF601-6F1B-3357-996B-B920FE43243A} = {E5EAF601-6F1B-3357-996B-B920FE43243A}
	EndProjectSection
EndProject
Project("{8BC9CEB8-8B4A-11D0-8D11-00A0C91BC942}") = "tutorial16_shadowmaps", "tutorial16_shadowmaps.vcxproj", "{4360FF7A-16E0-3344-B411-20E39A060EE1}"
	ProjectSection(ProjectDependencies) = postProject
		{25BFC13B-D2CB-3F2E-8C94-960099099734} = {25BFC13B-D2CB-3F2E-8C94-960099099734}
		{30C9E8E4-4E44-3CBA-B7BA-B3EB6083468B} = {30C9E8E4-4E44-3CBA-B7BA-B3EB6083468B}
		{E5EAF601-6F1B-3357-996B-B920FE43243A} = {E5EAF601-6F1B-3357-996B-B920FE43243A}
	EndProjectSection
EndProject
Project("{8BC9CEB8-8B4A-11D0-8D11-00A0C91BC942}") = "tutorial16_shadowmaps_simple", "tutorial16_shadowmaps_simple.vcxproj", "{7C4BC470-D90F-3044-84B5-B6489D721B14}"
	ProjectSection(ProjectDependencies) = postProject
		{25BFC13B-D2CB-3F2E-8C94-960099099734} = {25BFC13B-D2CB-3F2E-8C94-960099099734}
		{30C9E8E4-4E44-3CBA-B7BA-B3EB6083468B} = {30C9E8E4-4E44-3CBA-B7BA-B3EB6083468B}
		{E5EAF601-6F1B-3357-996B-B920FE43243A} = {E5EAF601-6F1B-3357-996B-B920FE43243A}
	EndProjectSection
EndProject
Project("{8BC9CEB8-8B4A-11D0-8D11-00A0C91BC942}") = "tutorial17_rotations", "tutorial17_rotations.vcxproj", "{D20282A3-4C0E-303C-A560-416712BE5499}"
	ProjectSection(ProjectDependencies) = postProject
		{5FA21022-7232-3742-B520-A2B88A800C82} = {5FA21022-7232-3742-B520-A2B88A800C82}
		{25BFC13B-D2CB-3F2E-8C94-960099099734} = {25BFC13B-D2CB-3F2E-8C94-960099099734}
		{30C9E8E4-4E44-3CBA-B7BA-B3EB6083468B} = {30C9E8E4-4E44-3CBA-B7BA-B3EB6083468B}
		{E5EAF601-6F1B-3357-996B-B920FE43243A} = {E5EAF601-6F1B-3357-996B-B920FE43243A}
	EndProjectSection
EndProject
Project("{8BC9CEB8-8B4A-11D0-8D11-00A0C91BC942}") = "tutorial18_billboards", "tutorial18_billboards.vcxproj", "{846283A6-6457-3E70-952B-2439E99C3A2E}"
	ProjectSection(ProjectDependencies) = postProject
		{25BFC13B-D2CB-3F2E-8C94-960099099734} = {25BFC13B-D2CB-3F2E-8C94-960099099734}
		{30C9E8E4-4E44-3CBA-B7BA-B3EB6083468B} = {30C9E8E4-4E44-3CBA-B7BA-B3EB6083468B}
		{E5EAF601-6F1B-3357-996B-B920FE43243A} = {E5EAF601-6F1B-3357-996B-B920FE43243A}
	EndProjectSection
EndProject
Project("{8BC9CEB8-8B4A-11D0-8D11-00A0C91BC942}") = "tutorial18_particles", "tutorial18_particles.vcxproj", "{CB4FD2E7-C6BC-3762-BB8D-ECFDA18452C6}"
	ProjectSection(ProjectDependencies) = postProject
		{25BFC13B-D2CB-3F2E-8C94-960099099734} = {25BFC13B-D2CB-3F2E-8C94-960099099734}
		{30C9E8E4-4E44-3CBA-B7BA-B3EB6083468B} = {30C9E8E4-4E44-3CBA-B7BA-B3EB6083468B}
		{E5EAF601-6F1B-3357-996B-B920FE43243A} = {E5EAF601-6F1B-3357-996B-B920FE43243A}
	EndProjectSection
EndProject
Project("{8BC9CEB8-8B4A-11D0-8D11-00A0C91BC942}") = "uninstall", "external\glfw-3.1.2\uninstall.vcxproj", "{E9353B22-87A8-3E59-A559-EAE5A15FB01B}"
	ProjectSection(ProjectDependencies) = postProject
		{30C9E8E4-4E44-3CBA-B7BA-B3EB6083468B} = {30C9E8E4-4E44-3CBA-B7BA-B3EB6083468B}
	EndProjectSection
EndProject
Project("{8BC9CEB8-8B4A-11D0-8D11-00A0C91BC942}") = "wave", "external\glfw-3.1.2\examples\wave.vcxproj", "{38CCCEF2-FA50-390F-810E-0B6CFA0866AC}"
	ProjectSection(ProjectDependencies) = postProject
		{30C9E8E4-4E44-3CBA-B7BA-B3EB6083468B} = {30C9E8E4-4E44-3CBA-B7BA-B3EB6083468B}
		{E5EAF601-6F1B-3357-996B-B920FE43243A} = {E5EAF601-6F1B-3357-996B-B920FE43243A}
	EndProjectSection
EndProject
Project("{8BC9CEB8-8B4A-11D0-8D11-00A0C91BC942}") = "windows", "external\glfw-3.1.2\tests\windows.vcxproj", "{95DC0618-1C43-31E6-911F-C620ECA9C6F1}"
	ProjectSection(ProjectDependencies) = postProject
		{30C9E8E4-4E44-3CBA-B7BA-B3EB6083468B} = {30C9E8E4-4E44-3CBA-B7BA-B3EB6083468B}
		{E5EAF601-6F1B-3357-996B-B920FE43243A} = {E5EAF601-6F1B-3357-996B-B920FE43243A}
	EndProjectSection
EndProject
Project("{8BC9CEB8-8B4A-11D0-8D11-00A0C91BC942}") = "zlib", "external\assimp-3.0.1270\contrib\zlib\zlib.vcxproj", "{41A223A9-FDB4-3595-8241-DD9464931689}"
	ProjectSection(ProjectDependencies) = postProject
		{30C9E8E4-4E44-3CBA-B7BA-B3EB6083468B} = {30C9E8E4-4E44-3CBA-B7BA-B3EB6083468B}
	EndProjectSection
EndProject
Global
	GlobalSection(SolutionConfigurationPlatforms) = preSolution
		Debug|x64 = Debug|x64
		Release|x64 = Release|x64
		MinSizeRel|x64 = MinSizeRel|x64
		RelWithDebInfo|x64 = RelWithDebInfo|x64
	EndGlobalSection
	GlobalSection(ProjectConfigurationPlatforms) = postSolution
		{34C3CF53-1681-3108-99D7-147E7C42B9C6}.Debug|x64.ActiveCfg = Debug|x64
		{34C3CF53-1681-3108-99D7-147E7C42B9C6}.Debug|x64.Build.0 = Debug|x64
		{34C3CF53-1681-3108-99D7-147E7C42B9C6}.Release|x64.ActiveCfg = Release|x64
		{34C3CF53-1681-3108-99D7-147E7C42B9C6}.Release|x64.Build.0 = Release|x64
		{34C3CF53-1681-3108-99D7-147E7C42B9C6}.MinSizeRel|x64.ActiveCfg = MinSizeRel|x64
		{34C3CF53-1681-3108-99D7-147E7C42B9C6}.MinSizeRel|x64.Build.0 = MinSizeRel|x64
		{34C3CF53-1681-3108-99D7-147E7C42B9C6}.RelWithDebInfo|x64.ActiveCfg = RelWithDebInfo|x64
		{34C3CF53-1681-3108-99D7-147E7C42B9C6}.RelWithDebInfo|x64.Build.0 = RelWithDebInfo|x64
		{5FA21022-7232-3742-B520-A2B88A800C82}.Debug|x64.ActiveCfg = Debug|x64
		{5FA21022-7232-3742-B520-A2B88A800C82}.Debug|x64.Build.0 = Debug|x64
		{5FA21022-7232-3742-B520-A2B88A800C82}.Release|x64.ActiveCfg = Release|x64
		{5FA21022-7232-3742-B520-A2B88A800C82}.Release|x64.Build.0 = Release|x64
		{5FA21022-7232-3742-B520-A2B88A800C82}.MinSizeRel|x64.ActiveCfg = MinSizeRel|x64
		{5FA21022-7232-3742-B520-A2B88A800C82}.MinSizeRel|x64.Build.0 = MinSizeRel|x64
		{5FA21022-7232-3742-B520-A2B88A800C82}.RelWithDebInfo|x64.ActiveCfg = RelWithDebInfo|x64
		{5FA21022-7232-3742-B520-A2B88A800C82}.RelWithDebInfo|x64.Build.0 = RelWithDebInfo|x64
		{215C61C5-15E7-3885-9853-5715CD95F160}.Debug|x64.ActiveCfg = Debug|x64
		{215C61C5-15E7-3885-9853-5715CD95F160}.Debug|x64.Build.0 = Debug|x64
		{215C61C5-15E7-3885-9853-5715CD95F160}.Release|x64.ActiveCfg = Release|x64
		{215C61C5-15E7-3885-9853-5715CD95F160}.Release|x64.Build.0 = Release|x64
		{215C61C5-15E7-3885-9853-5715CD95F160}.MinSizeRel|x64.ActiveCfg = MinSizeRel|x64
		{215C61C5-15E7-3885-9853-5715CD95F160}.MinSizeRel|x64.Build.0 = MinSizeRel|x64
		{215C61C5-15E7-3885-9853-5715CD95F160}.RelWithDebInfo|x64.ActiveCfg = RelWithDebInfo|x64
		{215C61C5-15E7-3885-9853-5715CD95F160}.RelWithDebInfo|x64.Build.0 = RelWithDebInfo|x64
		{D722EE9C-62DC-327E-A0AA-733AF7340AA9}.Debug|x64.ActiveCfg = Debug|x64
		{D722EE9C-62DC-327E-A0AA-733AF7340AA9}.Debug|x64.Build.0 = Debug|x64
		{D722EE9C-62DC-327E-A0AA-733AF7340AA9}.Release|x64.ActiveCfg = Release|x64
		{D722EE9C-62DC-327E-A0AA-733AF7340AA9}.Release|x64.Build.0 = Release|x64
		{D722EE9C-62DC-327E-A0AA-733AF7340AA9}.MinSizeRel|x64.ActiveCfg = MinSizeRel|x64
		{D722EE9C-62DC-327E-A0AA-733AF7340AA9}.MinSizeRel|x64.Build.0 = MinSizeRel|x64
		{D722EE9C-62DC-327E-A0AA-733AF7340AA9}.RelWithDebInfo|x64.ActiveCfg = RelWithDebInfo|x64
		{D722EE9C-62DC-327E-A0AA-733AF7340AA9}.RelWithDebInfo|x64.Build.0 = RelWithDebInfo|x64
		{F6A6A8B0-8B3D-3A68-8859-8F4749DC331A}.Debug|x64.ActiveCfg = Debug|x64
		{F6A6A8B0-8B3D-3A68-8859-8F4749DC331A}.Debug|x64.Build.0 = Debug|x64
		{F6A6A8B0-8B3D-3A68-8859-8F4749DC331A}.Release|x64.ActiveCfg = Release|x64
		{F6A6A8B0-8B3D-3A68-8859-8F4749DC331A}.Release|x64.Build.0 = Release|x64
		{F6A6A8B0-8B3D-3A68-8859-8F4749DC331A}.MinSizeRel|x64.ActiveCfg = MinSizeRel|x64
		{F6A6A8B0-8B3D-3A68-8859-8F4749DC331A}.MinSizeRel|x64.Build.0 = MinSizeRel|x64
		{F6A6A8B0-8B3D-3A68-8859-8F4749DC331A}.RelWithDebInfo|x64.ActiveCfg = RelWithDebInfo|x64
		{F6A6A8B0-8B3D-3A68-8859-8F4749DC331A}.RelWithDebInfo|x64.Build.0 = RelWithDebInfo|x64
		{25BFC13B-D2CB-3F2E-8C94-960099099734}.Debug|x64.ActiveCfg = Debug|x64
		{25BFC13B-D2CB-3F2E-8C94-960099099734}.Debug|x64.Build.0 = Debug|x64
		{25BFC13B-D2CB-3F2E-8C94-960099099734}.Release|x64.ActiveCfg = Release|x64
		{25BFC13B-D2CB-3F2E-8C94-960099099734}.Release|x64.Build.0 = Release|x64
		{25BFC13B-D2CB-3F2E-8C94-960099099734}.MinSizeRel|x64.ActiveCfg = MinSizeRel|x64
		{25BFC13B-D2CB-3F2E-8C94-960099099734}.MinSizeRel|x64.Build.0 = MinSizeRel|x64
		{25BFC13B-D2CB-3F2E-8C94-960099099734}.RelWithDebInfo|x64.ActiveCfg = RelWithDebInfo|x64
		{25BFC13B-D2CB-3F2E-8C94-960099099734}.RelWithDebInfo|x64.Build.0 = RelWithDebInfo|x64
		{06F5D842-76AC-3D15-9EA1-F1770475D2C0}.Debug|x64.ActiveCfg = Debug|x64
		{06F5D842-76AC-3D15-9EA1-F1770475D2C0}.Release|x64.ActiveCfg = Release|x64
		{06F5D842-76AC-3D15-9EA1-F1770475D2C0}.MinSizeRel|x64.ActiveCfg = MinSizeRel|x64
		{06F5D842-76AC-3D15-9EA1-F1770475D2C0}.RelWithDebInfo|x64.ActiveCfg = RelWithDebInfo|x64
		{397A8970-20A5-3039-A6F9-4170093F395C}.Debug|x64.ActiveCfg = Debug|x64
		{397A8970-20A5-3039-A6F9-4170093F395C}.Debug|x64.Build.0 = Debug|x64
		{397A8970-20A5-3039-A6F9-4170093F395C}.Release|x64.ActiveCfg = Release|x64
		{397A8970-20A5-3039-A6F9-4170093F395C}.Release|x64.Build.0 = Release|x64
		{397A8970-20A5-3039-A6F9-4170093F395C}.MinSizeRel|x64.ActiveCfg = MinSizeRel|x64
		{397A8970-20A5-3039-A6F9-4170093F395C}.MinSizeRel|x64.Build.0 = MinSizeRel|x64
		{397A8970-20A5-3039-A6F9-4170093F395C}.RelWithDebInfo|x64.ActiveCfg = RelWithDebInfo|x64
		{397A8970-20A5-3039-A6F9-4170093F395C}.RelWithDebInfo|x64.Build.0 = RelWithDebInfo|x64
		{30C9E8E4-4E44-3CBA-B7BA-B3EB6083468B}.Debug|x64.ActiveCfg = Debug|x64
		{30C9E8E4-4E44-3CBA-B7BA-B3EB6083468B}.Debug|x64.Build.0 = Debug|x64
		{30C9E8E4-4E44-3CBA-B7BA-B3EB6083468B}.Release|x64.ActiveCfg = Release|x64
		{30C9E8E4-4E44-3CBA-B7BA-B3EB6083468B}.Release|x64.Build.0 = Release|x64
		{30C9E8E4-4E44-3CBA-B7BA-B3EB6083468B}.MinSizeRel|x64.ActiveCfg = MinSizeRel|x64
		{30C9E8E4-4E44-3CBA-B7BA-B3EB6083468B}.MinSizeRel|x64.Build.0 = MinSizeRel|x64
		{30C9E8E4-4E44-3CBA-B7BA-B3EB6083468B}.RelWithDebInfo|x64.ActiveCfg = RelWithDebInfo|x64
		{30C9E8E4-4E44-3CBA-B7BA-B3EB6083468B}.RelWithDebInfo|x64.Build.0 = RelWithDebInfo|x64
		{D205E8FD-95C0-3403-A729-351F37082E13}.Debug|x64.ActiveCfg = Debug|x64
		{D205E8FD-95C0-3403-A729-351F37082E13}.Debug|x64.Build.0 = Debug|x64
		{D205E8FD-95C0-3403-A729-351F37082E13}.Release|x64.ActiveCfg = Release|x64
		{D205E8FD-95C0-3403-A729-351F37082E13}.Release|x64.Build.0 = Release|x64
		{D205E8FD-95C0-3403-A729-351F37082E13}.MinSizeRel|x64.ActiveCfg = MinSizeRel|x64
		{D205E8FD-95C0-3403-A729-351F37082E13}.MinSizeRel|x64.Build.0 = MinSizeRel|x64
		{D205E8FD-95C0-3403-A729-351F37082E13}.RelWithDebInfo|x64.ActiveCfg = RelWithDebInfo|x64
		{D205E8FD-95C0-3403-A729-351F37082E13}.RelWithDebInfo|x64.Build.0 = RelWithDebInfo|x64
		{B78042CA-433F-37E1-BCF8-FDF5890AC9E9}.Debug|x64.ActiveCfg = Debug|x64
		{B78042CA-433F-37E1-BCF8-FDF5890AC9E9}.Debug|x64.Build.0 = Debug|x64
		{B78042CA-433F-37E1-BCF8-FDF5890AC9E9}.Release|x64.ActiveCfg = Release|x64
		{B78042CA-433F-37E1-BCF8-FDF5890AC9E9}.Release|x64.Build.0 = Release|x64
		{B78042CA-433F-37E1-BCF8-FDF5890AC9E9}.MinSizeRel|x64.ActiveCfg = MinSizeRel|x64
		{B78042CA-433F-37E1-BCF8-FDF5890AC9E9}.MinSizeRel|x64.Build.0 = MinSizeRel|x64
		{B78042CA-433F-37E1-BCF8-FDF5890AC9E9}.RelWithDebInfo|x64.ActiveCfg = RelWithDebInfo|x64
		{B78042CA-433F-37E1-BCF8-FDF5890AC9E9}.RelWithDebInfo|x64.Build.0 = RelWithDebInfo|x64
		{5919C133-755C-3869-ACB9-CD668ADD750B}.Debug|x64.ActiveCfg = Debug|x64
		{5919C133-755C-3869-ACB9-CD668ADD750B}.Debug|x64.Build.0 = Debug|x64
		{5919C133-755C-3869-ACB9-CD668ADD750B}.Release|x64.ActiveCfg = Release|x64
		{5919C133-755C-3869-ACB9-CD668ADD750B}.Release|x64.Build.0 = Release|x64
		{5919C133-755C-3869-ACB9-CD668ADD750B}.MinSizeRel|x64.ActiveCfg = MinSizeRel|x64
		{5919C133-755C-3869-ACB9-CD668ADD750B}.MinSizeRel|x64.Build.0 = MinSizeRel|x64
		{5919C133-755C-3869-ACB9-CD668ADD750B}.RelWithDebInfo|x64.ActiveCfg = RelWithDebInfo|x64
		{5919C133-755C-3869-ACB9-CD668ADD750B}.RelWithDebInfo|x64.Build.0 = RelWithDebInfo|x64
		{C3233C75-BC8A-3675-A35A-C9CE8AD2FEEF}.Debug|x64.ActiveCfg = Debug|x64
		{C3233C75-BC8A-3675-A35A-C9CE8AD2FEEF}.Debug|x64.Build.0 = Debug|x64
		{C3233C75-BC8A-3675-A35A-C9CE8AD2FEEF}.Release|x64.ActiveCfg = Release|x64
		{C3233C75-BC8A-3675-A35A-C9CE8AD2FEEF}.Release|x64.Build.0 = Release|x64
		{C3233C75-BC8A-3675-A35A-C9CE8AD2FEEF}.MinSizeRel|x64.ActiveCfg = MinSizeRel|x64
		{C3233C75-BC8A-3675-A35A-C9CE8AD2FEEF}.MinSizeRel|x64.Build.0 = MinSizeRel|x64
		{C3233C75-BC8A-3675-A35A-C9CE8AD2FEEF}.RelWithDebInfo|x64.ActiveCfg = RelWithDebInfo|x64
		{C3233C75-BC8A-3675-A35A-C9CE8AD2FEEF}.RelWithDebInfo|x64.Build.0 = RelWithDebInfo|x64
		{D4693873-D437-3653-AC3C-36888A6CF7B3}.Debug|x64.ActiveCfg = Debug|x64
		{D4693873-D437-3653-AC3C-36888A6CF7B3}.Debug|x64.Build.0 = Debug|x64
		{D4693873-D437-3653-AC3C-36888A6CF7B3}.Release|x64.ActiveCfg = Release|x64
		{D4693873-D437-3653-AC3C-36888A6CF7B3}.Release|x64.Build.0 = Release|x64
		{D4693873-D437-3653-AC3C-36888A6CF7B3}.MinSizeRel|x64.ActiveCfg = MinSizeRel|x64
		{D4693873-D437-3653-AC3C-36888A6CF7B3}.MinSizeRel|x64.Build.0 = MinSizeRel|x64
		{D4693873-D437-3653-AC3C-36888A6CF7B3}.RelWithDebInfo|x64.ActiveCfg = RelWithDebInfo|x64
		{D4693873-D437-3653-AC3C-36888A6CF7B3}.RelWithDebInfo|x64.Build.0 = RelWithDebInfo|x64
		{0FD0762F-546A-3809-A103-7B7E8537ED57}.Debug|x64.ActiveCfg = Debug|x64
		{0FD0762F-546A-3809-A103-7B7E8537ED57}.Debug|x64.Build.0 = Debug|x64
		{0FD0762F-546A-3809-A103-7B7E8537ED57}.Release|x64.ActiveCfg = Release|x64
		{0FD0762F-546A-3809-A103-7B7E8537ED57}.Release|x64.Build.0 = Release|x64
		{0FD0762F-546A-3809-A103-7B7E8537ED57}.MinSizeRel|x64.ActiveCfg = MinSizeRel|x64
		{0FD0762F-546A-3809-A103-7B7E8537ED57}.MinSizeRel|x64.Build.0 = MinSizeRel|x64
		{0FD0762F-546A-3809-A103-7B7E8537ED57}.RelWithDebInfo|x64.ActiveCfg = RelWithDebInfo|x64
		{0FD0762F-546A-3809-A103-7B7E8537ED57}.RelWithDebInfo|x64.Build.0 = RelWithDebInfo|x64
		{0EDF2B99-ABB7-35B6-B660-E6676BFA7251}.Debug|x64.ActiveCfg = Debug|x64
		{0EDF2B99-ABB7-35B6-B660-E6676BFA7251}.Debug|x64.Build.0 = Debug|x64
		{0EDF2B99-ABB7-35B6-B660-E6676BFA7251}.Release|x64.ActiveCfg = Release|x64
		{0EDF2B99-ABB7-35B6-B660-E6676BFA7251}.Release|x64.Build.0 = Release|x64
		{0EDF2B99-ABB7-35B6-B660-E6676BFA7251}.MinSizeRel|x64.ActiveCfg = MinSizeRel|x64
		{0EDF2B99-ABB7-35B6-B660-E6676BFA7251}.MinSizeRel|x64.Build.0 = MinSizeRel|x64
		{0EDF2B99-ABB7-35B6-B660-E6676BFA7251}.RelWithDebInfo|x64.ActiveCfg = RelWithDebInfo|x64
		{0EDF2B99-ABB7-35B6-B660-E6676BFA7251}.RelWithDebInfo|x64.Build.0 = RelWithDebInfo|x64
		{67E236E1-82AC-32EA-9530-A723A69EBFE9}.Debug|x64.ActiveCfg = Debug|x64
		{67E236E1-82AC-32EA-9530-A723A69EBFE9}.Debug|x64.Build.0 = Debug|x64
		{67E236E1-82AC-32EA-9530-A723A69EBFE9}.Release|x64.ActiveCfg = Release|x64
		{67E236E1-82AC-32EA-9530-A723A69EBFE9}.Release|x64.Build.0 = Release|x64
		{67E236E1-82AC-32EA-9530-A723A69EBFE9}.MinSizeRel|x64.ActiveCfg = MinSizeRel|x64
		{67E236E1-82AC-32EA-9530-A723A69EBFE9}.MinSizeRel|x64.Build.0 = MinSizeRel|x64
		{67E236E1-82AC-32EA-9530-A723A69EBFE9}.RelWithDebInfo|x64.ActiveCfg = RelWithDebInfo|x64
		{67E236E1-82AC-32EA-9530-A723A69EBFE9}.RelWithDebInfo|x64.Build.0 = RelWithDebInfo|x64
		{E5EAF601-6F1B-3357-996B-B920FE43243A}.Debug|x64.ActiveCfg = Debug|x64
		{E5EAF601-6F1B-3357-996B-B920FE43243A}.Debug|x64.Build.0 = Debug|x64
		{E5EAF601-6F1B-3357-996B-B920FE43243A}.Release|x64.ActiveCfg = Release|x64
		{E5EAF601-6F1B-3357-996B-B920FE43243A}.Release|x64.Build.0 = Release|x64
		{E5EAF601-6F1B-3357-996B-B920FE43243A}.MinSizeRel|x64.ActiveCfg = MinSizeRel|x64
		{E5EAF601-6F1B-3357-996B-B920FE43243A}.MinSizeRel|x64.Build.0 = MinSizeRel|x64
		{E5EAF601-6F1B-3357-996B-B920FE43243A}.RelWithDebInfo|x64.ActiveCfg = RelWithDebInfo|x64
		{E5EAF601-6F1B-3357-996B-B920FE43243A}.RelWithDebInfo|x64.Build.0 = RelWithDebInfo|x64
		{6D1E775C-D866-3C3E-B71A-793ACE300F41}.Debug|x64.ActiveCfg = Debug|x64
		{6D1E775C-D866-3C3E-B71A-793ACE300F41}.Debug|x64.Build.0 = Debug|x64
		{6D1E775C-D866-3C3E-B71A-793ACE300F41}.Release|x64.ActiveCfg = Release|x64
		{6D1E775C-D866-3C3E-B71A-793ACE300F41}.Release|x64.Build.0 = Release|x64
		{6D1E775C-D866-3C3E-B71A-793ACE300F41}.MinSizeRel|x64.ActiveCfg = MinSizeRel|x64
		{6D1E775C-D866-3C3E-B71A-793ACE300F41}.MinSizeRel|x64.Build.0 = MinSizeRel|x64
		{6D1E775C-D866-3C3E-B71A-793ACE300F41}.RelWithDebInfo|x64.ActiveCfg = RelWithDebInfo|x64
		{6D1E775C-D866-3C3E-B71A-793ACE300F41}.RelWithDebInfo|x64.Build.0 = RelWithDebInfo|x64
		{47C0F331-B82F-3290-9458-17CB2773151B}.Debug|x64.ActiveCfg = Debug|x64
		{47C0F331-B82F-3290-9458-17CB2773151B}.Debug|x64.Build.0 = Debug|x64
		{47C0F331-B82F-3290-9458-17CB2773151B}.Release|x64.ActiveCfg = Release|x64
		{47C0F331-B82F-3290-9458-17CB2773151B}.Release|x64.Build.0 = Release|x64
		{47C0F331-B82F-3290-9458-17CB2773151B}.MinSizeRel|x64.ActiveCfg = MinSizeRel|x64
		{47C0F331-B82F-3290-9458-17CB2773151B}.MinSizeRel|x64.Build.0 = MinSizeRel|x64
		{47C0F331-B82F-3290-9458-17CB2773151B}.RelWithDebInfo|x64.ActiveCfg = RelWithDebInfo|x64
		{47C0F331-B82F-3290-9458-17CB2773151B}.RelWithDebInfo|x64.Build.0 = RelWithDebInfo|x64
		{0BCD85F5-4833-353C-84AC-264883B9E0FB}.Debug|x64.ActiveCfg = Debug|x64
		{0BCD85F5-4833-353C-84AC-264883B9E0FB}.Debug|x64.Build.0 = Debug|x64
		{0BCD85F5-4833-353C-84AC-264883B9E0FB}.Release|x64.ActiveCfg = Release|x64
		{0BCD85F5-4833-353C-84AC-264883B9E0FB}.Release|x64.Build.0 = Release|x64
		{0BCD85F5-4833-353C-84AC-264883B9E0FB}.MinSizeRel|x64.ActiveCfg = MinSizeRel|x64
		{0BCD85F5-4833-353C-84AC-264883B9E0FB}.MinSizeRel|x64.Build.0 = MinSizeRel|x64
		{0BCD85F5-4833-353C-84AC-264883B9E0FB}.RelWithDebInfo|x64.ActiveCfg = RelWithDebInfo|x64
		{0BCD85F5-4833-353C-84AC-264883B9E0FB}.RelWithDebInfo|x64.Build.0 = RelWithDebInfo|x64
		{53F7BF3B-678E-3404-9AEE-3F3D4BCDCB0A}.Debug|x64.ActiveCfg = Debug|x64
		{53F7BF3B-678E-3404-9AEE-3F3D4BCDCB0A}.Debug|x64.Build.0 = Debug|x64
		{53F7BF3B-678E-3404-9AEE-3F3D4BCDCB0A}.Release|x64.ActiveCfg = Release|x64
		{53F7BF3B-678E-3404-9AEE-3F3D4BCDCB0A}.Release|x64.Build.0 = Release|x64
		{53F7BF3B-678E-3404-9AEE-3F3D4BCDCB0A}.MinSizeRel|x64.ActiveCfg = MinSizeRel|x64
		{53F7BF3B-678E-3404-9AEE-3F3D4BCDCB0A}.MinSizeRel|x64.Build.0 = MinSizeRel|x64
		{53F7BF3B-678E-3404-9AEE-3F3D4BCDCB0A}.RelWithDebInfo|x64.ActiveCfg = RelWithDebInfo|x64
		{53F7BF3B-678E-3404-9AEE-3F3D4BCDCB0A}.RelWithDebInfo|x64.Build.0 = RelWithDebInfo|x64
		{A13BF692-3264-38D5-AD21-E8FCB138B583}.Debug|x64.ActiveCfg = Debug|x64
		{A13BF692-3264-38D5-AD21-E8FCB138B583}.Debug|x64.Build.0 = Debug|x64
		{A13BF692-3264-38D5-AD21-E8FCB138B583}.Release|x64.ActiveCfg = Release|x64
		{A13BF692-3264-38D5-AD21-E8FCB138B583}.Release|x64.Build.0 = Release|x64
		{A13BF692-3264-38D5-AD21-E8FCB138B583}.MinSizeRel|x64.ActiveCfg = MinSizeRel|x64
		{A13BF692-3264-38D5-AD21-E8FCB138B583}.MinSizeRel|x64.Build.0 = MinSizeRel|x64
		{A13BF692-3264-38D5-AD21-E8FCB138B583}.RelWithDebInfo|x64.ActiveCfg = RelWithDebInfo|x64
		{A13BF692-3264-38D5-AD21-E8FCB138B583}.RelWithDebInfo|x64.Build.0 = RelWithDebInfo|x64
		{F6096422-CABF-322A-800C-3E3B910393B0}.Debug|x64.ActiveCfg = Debug|x64
		{F6096422-CABF-322A-800C-3E3B910393B0}.Debug|x64.Build.0 = Debug|x64
		{F6096422-CABF-322A-800C-3E3B910393B0}.Release|x64.ActiveCfg = Release|x64
		{F6096422-CABF-322A-800C-3E3B910393B0}.Release|x64.Build.0 = Release|x64
		{F6096422-CABF-322A-800C-3E3B910393B0}.MinSizeRel|x64.ActiveCfg = MinSizeRel|x64
		{F6096422-CABF-322A-800C-3E3B910393B0}.MinSizeRel|x64.Build.0 = MinSizeRel|x64
		{F6096422-CABF-322A-800C-3E3B910393B0}.RelWithDebInfo|x64.ActiveCfg = RelWithDebInfo|x64
		{F6096422-CABF-322A-800C-3E3B910393B0}.RelWithDebInfo|x64.Build.0 = RelWithDebInfo|x64
		{9A766C7E-E566-388F-B494-EB269FC29943}.Debug|x64.ActiveCfg = Debug|x64
		{9A766C7E-E566-388F-B494-EB269FC29943}.Debug|x64.Build.0 = Debug|x64
		{9A766C7E-E566-388F-B494-EB269FC29943}.Release|x64.ActiveCfg = Release|x64
		{9A766C7E-E566-388F-B494-EB269FC29943}.Release|x64.Build.0 = Release|x64
		{9A766C7E-E566-388F-B494-EB269FC29943}.MinSizeRel|x64.ActiveCfg = MinSizeRel|x64
		{9A766C7E-E566-388F-B494-EB269FC29943}.MinSizeRel|x64.Build.0 = MinSizeRel|x64
		{9A766C7E-E566-388F-B494-EB269FC29943}.RelWithDebInfo|x64.ActiveCfg = RelWithDebInfo|x64
		{9A766C7E-E566-388F-B494-EB269FC29943}.RelWithDebInfo|x64.Build.0 = RelWithDebInfo|x64
		{A42D931E-D105-35CD-8865-24DCBF2824E8}.Debug|x64.ActiveCfg = Debug|x64
		{A42D931E-D105-35CD-8865-24DCBF2824E8}.Debug|x64.Build.0 = Debug|x64
		{A42D931E-D105-35CD-8865-24DCBF2824E8}.Release|x64.ActiveCfg = Release|x64
		{A42D931E-D105-35CD-8865-24DCBF2824E8}.Release|x64.Build.0 = Release|x64
		{A42D931E-D105-35CD-8865-24DCBF2824E8}.MinSizeRel|x64.ActiveCfg = MinSizeRel|x64
		{A42D931E-D105-35CD-8865-24DCBF2824E8}.MinSizeRel|x64.Build.0 = MinSizeRel|x64
		{A42D931E-D105-35CD-8865-24DCBF2824E8}.RelWithDebInfo|x64.ActiveCfg = RelWithDebInfo|x64
		{A42D931E-D105-35CD-8865-24DCBF2824E8}.RelWithDebInfo|x64.Build.0 = RelWithDebInfo|x64
		{2C829DA5-679A-3402-BC7E-373FF20D7751}.Debug|x64.ActiveCfg = Debug|x64
		{2C829DA5-679A-3402-BC7E-373FF20D7751}.Debug|x64.Build.0 = Debug|x64
		{2C829DA5-679A-3402-BC7E-373FF20D7751}.Release|x64.ActiveCfg = Release|x64
		{2C829DA5-679A-3402-BC7E-373FF20D7751}.Release|x64.Build.0 = Release|x64
		{2C829DA5-679A-3402-BC7E-373FF20D7751}.MinSizeRel|x64.ActiveCfg = MinSizeRel|x64
		{2C829DA5-679A-3402-BC7E-373FF20D7751}.MinSizeRel|x64.Build.0 = MinSizeRel|x64
		{2C829DA5-679A-3402-BC7E-373FF20D7751}.RelWithDebInfo|x64.ActiveCfg = RelWithDebInfo|x64
		{2C829DA5-679A-3402-BC7E-373FF20D7751}.RelWithDebInfo|x64.Build.0 = RelWithDebInfo|x64
		{51FC32E0-6D46-3DE4-AC74-BEFBF6F55062}.Debug|x64.ActiveCfg = Debug|x64
		{51FC32E0-6D46-3DE4-AC74-BEFBF6F55062}.Debug|x64.Build.0 = Debug|x64
		{51FC32E0-6D46-3DE4-AC74-BEFBF6F55062}.Release|x64.ActiveCfg = Release|x64
		{51FC32E0-6D46-3DE4-AC74-BEFBF6F55062}.Release|x64.Build.0 = Release|x64
		{51FC32E0-6D46-3DE4-AC74-BEFBF6F55062}.MinSizeRel|x64.ActiveCfg = MinSizeRel|x64
		{51FC32E0-6D46-3DE4-AC74-BEFBF6F55062}.MinSizeRel|x64.Build.0 = MinSizeRel|x64
		{51FC32E0-6D46-3DE4-AC74-BEFBF6F55062}.RelWithDebInfo|x64.ActiveCfg = RelWithDebInfo|x64
		{51FC32E0-6D46-3DE4-AC74-BEFBF6F55062}.RelWithDebInfo|x64.Build.0 = RelWithDebInfo|x64
		{D04EF373-89B0-31C6-A66D-B1B6F0049FD6}.Debug|x64.ActiveCfg = Debug|x64
		{D04EF373-89B0-31C6-A66D-B1B6F0049FD6}.Debug|x64.Build.0 = Debug|x64
		{D04EF373-89B0-31C6-A66D-B1B6F0049FD6}.Release|x64.ActiveCfg = Release|x64
		{D04EF373-89B0-31C6-A66D-B1B6F0049FD6}.Release|x64.Build.0 = Release|x64
		{D04EF373-89B0-31C6-A66D-B1B6F0049FD6}.MinSizeRel|x64.ActiveCfg = MinSizeRel|x64
		{D04EF373-89B0-31C6-A66D-B1B6F0049FD6}.MinSizeRel|x64.Build.0 = MinSizeRel|x64
		{D04EF373-89B0-31C6-A66D-B1B6F0049FD6}.RelWithDebInfo|x64.ActiveCfg = RelWithDebInfo|x64
		{D04EF373-89B0-31C6-A66D-B1B6F0049FD6}.RelWithDebInfo|x64.Build.0 = RelWithDebInfo|x64
		{5E4B759A-2709-3CD9-A57F-A06CF968EA54}.Debug|x64.ActiveCfg = Debug|x64
		{5E4B759A-2709-3CD9-A57F-A06CF968EA54}.Debug|x64.Build.0 = Debug|x64
		{5E4B759A-2709-3CD9-A57F-A06CF968EA54}.Release|x64.ActiveCfg = Release|x64
		{5E4B759A-2709-3CD9-A57F-A06CF968EA54}.Release|x64.Build.0 = Release|x64
		{5E4B759A-2709-3CD9-A57F-A06CF968EA54}.MinSizeRel|x64.ActiveCfg = MinSizeRel|x64
		{5E4B759A-2709-3CD9-A57F-A06CF968EA54}.MinSizeRel|x64.Build.0 = MinSizeRel|x64
		{5E4B759A-2709-3CD9-A57F-A06CF968EA54}.RelWithDebInfo|x64.ActiveCfg = RelWithDebInfo|x64
		{5E4B759A-2709-3CD9-A57F-A06CF968EA54}.RelWithDebInfo|x64.Build.0 = RelWithDebInfo|x64
		{161ECB27-701E-3390-89BF-BBE9BDB9510E}.Debug|x64.ActiveCfg = Debug|x64
		{161ECB27-701E-3390-89BF-BBE9BDB9510E}.Debug|x64.Build.0 = Debug|x64
		{161ECB27-701E-3390-89BF-BBE9BDB9510E}.Release|x64.ActiveCfg = Release|x64
		{161ECB27-701E-3390-89BF-BBE9BDB9510E}.Release|x64.Build.0 = Release|x64
		{161ECB27-701E-3390-89BF-BBE9BDB9510E}.MinSizeRel|x64.ActiveCfg = MinSizeRel|x64
		{161ECB27-701E-3390-89BF-BBE9BDB9510E}.MinSizeRel|x64.Build.0 = MinSizeRel|x64
		{161ECB27-701E-3390-89BF-BBE9BDB9510E}.RelWithDebInfo|x64.ActiveCfg = RelWithDebInfo|x64
		{161ECB27-701E-3390-89BF-BBE9BDB9510E}.RelWithDebInfo|x64.Build.0 = RelWithDebInfo|x64
		{03F0E441-55E8-337B-9467-6A14076729E9}.Debug|x64.ActiveCfg = Debug|x64
		{03F0E441-55E8-337B-9467-6A14076729E9}.Debug|x64.Build.0 = Debug|x64
		{03F0E441-55E8-337B-9467-6A14076729E9}.Release|x64.ActiveCfg = Release|x64
		{03F0E441-55E8-337B-9467-6A14076729E9}.Release|x64.Build.0 = Release|x64
		{03F0E441-55E8-337B-9467-6A14076729E9}.MinSizeRel|x64.ActiveCfg = MinSizeRel|x64
		{03F0E441-55E8-337B-9467-6A14076729E9}.MinSizeRel|x64.Build.0 = MinSizeRel|x64
		{03F0E441-55E8-337B-9467-6A14076729E9}.RelWithDebInfo|x64.ActiveCfg = RelWithDebInfo|x64
		{03F0E441-55E8-337B-9467-6A14076729E9}.RelWithDebInfo|x64.Build.0 = RelWithDebInfo|x64
		{78C64FA7-8E9B-3F48-8320-621BFE46CB06}.Debug|x64.ActiveCfg = Debug|x64
		{78C64FA7-8E9B-3F48-8320-621BFE46CB06}.Debug|x64.Build.0 = Debug|x64
		{78C64FA7-8E9B-3F48-8320-621BFE46CB06}.Release|x64.ActiveCfg = Release|x64
		{78C64FA7-8E9B-3F48-8320-621BFE46CB06}.Release|x64.Build.0 = Release|x64
		{78C64FA7-8E9B-3F48-8320-621BFE46CB06}.MinSizeRel|x64.ActiveCfg = MinSizeRel|x64
		{78C64FA7-8E9B-3F48-8320-621BFE46CB06}.MinSizeRel|x64.Build.0 = MinSizeRel|x64
		{78C64FA7-8E9B-3F48-8320-621BFE46CB06}.RelWithDebInfo|x64.ActiveCfg = RelWithDebInfo|x64
		{78C64FA7-8E9B-3F48-8320-621BFE46CB06}.RelWithDebInfo|x64.Build.0 = RelWithDebInfo|x64
		{0B6FFAFB-0FB9-3DAA-BE92-DB524156903F}.Debug|x64.ActiveCfg = Debug|x64
		{0B6FFAFB-0FB9-3DAA-BE92-DB524156903F}.Debug|x64.Build.0 = Debug|x64
		{0B6FFAFB-0FB9-3DAA-BE92-DB524156903F}.Release|x64.ActiveCfg = Release|x64
		{0B6FFAFB-0FB9-3DAA-BE92-DB524156903F}.Release|x64.Build.0 = Release|x64
		{0B6FFAFB-0FB9-3DAA-BE92-DB524156903F}.MinSizeRel|x64.ActiveCfg = MinSizeRel|x64
		{0B6FFAFB-0FB9-3DAA-BE92-DB524156903F}.MinSizeRel|x64.Build.0 = MinSizeRel|x64
		{0B6FFAFB-0FB9-3DAA-BE92-DB524156903F}.RelWithDebInfo|x64.ActiveCfg = RelWithDebInfo|x64
		{0B6FFAFB-0FB9-3DAA-BE92-DB524156903F}.RelWithDebInfo|x64.Build.0 = RelWithDebInfo|x64
		{C83B0B4A-24FE-3126-ACB6-9A4B929BE133}.Debug|x64.ActiveCfg = Debug|x64
		{C83B0B4A-24FE-3126-ACB6-9A4B929BE133}.Debug|x64.Build.0 = Debug|x64
		{C83B0B4A-24FE-3126-ACB6-9A4B929BE133}.Release|x64.ActiveCfg = Release|x64
		{C83B0B4A-24FE-3126-ACB6-9A4B929BE133}.Release|x64.Build.0 = Release|x64
		{C83B0B4A-24FE-3126-ACB6-9A4B929BE133}.MinSizeRel|x64.ActiveCfg = MinSizeRel|x64
		{C83B0B4A-24FE-3126-ACB6-9A4B929BE133}.MinSizeRel|x64.Build.0 = MinSizeRel|x64
		{C83B0B4A-24FE-3126-ACB6-9A4B929BE133}.RelWithDebInfo|x64.ActiveCfg = RelWithDebInfo|x64
		{C83B0B4A-24FE-3126-ACB6-9A4B929BE133}.RelWithDebInfo|x64.Build.0 = RelWithDebInfo|x64
		{D5655046-7C32-3086-B4AA-7D72BA83429C}.Debug|x64.ActiveCfg = Debug|x64
		{D5655046-7C32-3086-B4AA-7D72BA83429C}.Debug|x64.Build.0 = Debug|x64
		{D5655046-7C32-3086-B4AA-7D72BA83429C}.Release|x64.ActiveCfg = Release|x64
		{D5655046-7C32-3086-B4AA-7D72BA83429C}.Release|x64.Build.0 = Release|x64
		{D5655046-7C32-3086-B4AA-7D72BA83429C}.MinSizeRel|x64.ActiveCfg = MinSizeRel|x64
		{D5655046-7C32-3086-B4AA-7D72BA83429C}.MinSizeRel|x64.Build.0 = MinSizeRel|x64
		{D5655046-7C32-3086-B4AA-7D72BA83429C}.RelWithDebInfo|x64.ActiveCfg = RelWithDebInfo|x64
		{D5655046-7C32-3086-B4AA-7D72BA83429C}.RelWithDebInfo|x64.Build.0 = RelWithDebInfo|x64
		{440C7D4A-FA8E-3A4E-A8EB-DE68AAA81C62}.Debug|x64.ActiveCfg = Debug|x64
		{440C7D4A-FA8E-3A4E-A8EB-DE68AAA81C62}.Debug|x64.Build.0 = Debug|x64
		{440C7D4A-FA8E-3A4E-A8EB-DE68AAA81C62}.Release|x64.ActiveCfg = Release|x64
		{440C7D4A-FA8E-3A4E-A8EB-DE68AAA81C62}.Release|x64.Build.0 = Release|x64
		{440C7D4A-FA8E-3A4E-A8EB-DE68AAA81C62}.MinSizeRel|x64.ActiveCfg = MinSizeRel|x64
		{440C7D4A-FA8E-3A4E-A8EB-DE68AAA81C62}.MinSizeRel|x64.Build.0 = MinSizeRel|x64
		{440C7D4A-FA8E-3A4E-A8EB-DE68AAA81C62}.RelWithDebInfo|x64.ActiveCfg = RelWithDebInfo|x64
		{440C7D4A-FA8E-3A4E-A8EB-DE68AAA81C62}.RelWithDebInfo|x64.Build.0 = RelWithDebInfo|x64
		{40DEBE86-6245-3239-BAAB-B81619A281E4}.Debug|x64.ActiveCfg = Debug|x64
		{40DEBE86-6245-3239-BAAB-B81619A281E4}.Debug|x64.Build.0 = Debug|x64
		{40DEBE86-6245-3239-BAAB-B81619A281E4}.Release|x64.ActiveCfg = Release|x64
		{40DEBE86-6245-3239-BAAB-B81619A281E4}.Release|x64.Build.0 = Release|x64
		{40DEBE86-6245-3239-BAAB-B81619A281E4}.MinSizeRel|x64.ActiveCfg = MinSizeRel|x64
		{40DEBE86-6245-3239-BAAB-B81619A281E4}.MinSizeRel|x64.Build.0 = MinSizeRel|x64
		{40DEBE86-6245-3239-BAAB-B81619A281E4}.RelWithDebInfo|x64.ActiveCfg = RelWithDebInfo|x64
		{40DEBE86-6245-3239-BAAB-B81619A281E4}.RelWithDebInfo|x64.Build.0 = RelWithDebInfo|x64
		{EC7FF8ED-1F6F-33FE-8965-B4A9C6140DCA}.Debug|x64.ActiveCfg = Debug|x64
		{EC7FF8ED-1F6F-33FE-8965-B4A9C6140DCA}.Debug|x64.Build.0 = Debug|x64
		{EC7FF8ED-1F6F-33FE-8965-B4A9C6140DCA}.Release|x64.ActiveCfg = Release|x64
		{EC7FF8ED-1F6F-33FE-8965-B4A9C6140DCA}.Release|x64.Build.0 = Release|x64
		{EC7FF8ED-1F6F-33FE-8965-B4A9C6140DCA}.MinSizeRel|x64.ActiveCfg = MinSizeRel|x64
		{EC7FF8ED-1F6F-33FE-8965-B4A9C6140DCA}.MinSizeRel|x64.Build.0 = MinSizeRel|x64
		{EC7FF8ED-1F6F-33FE-8965-B4A9C6140DCA}.RelWithDebInfo|x64.ActiveCfg = RelWithDebInfo|x64
		{EC7FF8ED-1F6F-33FE-8965-B4A9C6140DCA}.RelWithDebInfo|x64.Build.0 = RelWithDebInfo|x64
		{25F07712-7DE8-3386-BAD9-DE2F51C403D9}.Debug|x64.ActiveCfg = Debug|x64
		{25F07712-7DE8-3386-BAD9-DE2F51C403D9}.Debug|x64.Build.0 = Debug|x64
		{25F07712-7DE8-3386-BAD9-DE2F51C403D9}.Release|x64.ActiveCfg = Release|x64
		{25F07712-7DE8-3386-BAD9-DE2F51C403D9}.Release|x64.Build.0 = Release|x64
		{25F07712-7DE8-3386-BAD9-DE2F51C403D9}.MinSizeRel|x64.ActiveCfg = MinSizeRel|x64
		{25F07712-7DE8-3386-BAD9-DE2F51C403D9}.MinSizeRel|x64.Build.0 = MinSizeRel|x64
		{25F07712-7DE8-3386-BAD9-DE2F51C403D9}.RelWithDebInfo|x64.ActiveCfg = RelWithDebInfo|x64
		{25F07712-7DE8-3386-BAD9-DE2F51C403D9}.RelWithDebInfo|x64.Build.0 = RelWithDebInfo|x64
		{902D5DE6-936B-3DAA-83F1-81EADE0C81C7}.Debug|x64.ActiveCfg = Debug|x64
		{902D5DE6-936B-3DAA-83F1-81EADE0C81C7}.Debug|x64.Build.0 = Debug|x64
		{902D5DE6-936B-3DAA-83F1-81EADE0C81C7}.Release|x64.ActiveCfg = Release|x64
		{902D5DE6-936B-3DAA-83F1-81EADE0C81C7}.Release|x64.Build.0 = Release|x64
		{902D5DE6-936B-3DAA-83F1-81EADE0C81C7}.MinSizeRel|x64.ActiveCfg = MinSizeRel|x64
		{902D5DE6-936B-3DAA-83F1-81EADE0C81C7}.MinSizeRel|x64.Build.0 = MinSizeRel|x64
		{902D5DE6-936B-3DAA-83F1-81EADE0C81C7}.RelWithDebInfo|x64.ActiveCfg = RelWithDebInfo|x64
		{902D5DE6-936B-3DAA-83F1-81EADE0C81C7}.RelWithDebInfo|x64.Build.0 = RelWithDebInfo|x64
		{633B63E4-AC39-3498-A65E-8E40F5475B3B}.Debug|x64.ActiveCfg = Debug|x64
		{633B63E4-AC39-3498-A65E-8E40F5475B3B}.Debug|x64.Build.0 = Debug|x64
		{633B63E4-AC39-3498-A65E-8E40F5475B3B}.Release|x64.ActiveCfg = Release|x64
		{633B63E4-AC39-3498-A65E-8E40F5475B3B}.Release|x64.Build.0 = Release|x64
		{633B63E4-AC39-3498-A65E-8E40F5475B3B}.MinSizeRel|x64.ActiveCfg = MinSizeRel|x64
		{633B63E4-AC39-3498-A65E-8E40F5475B3B}.MinSizeRel|x64.Build.0 = MinSizeRel|x64
		{633B63E4-AC39-3498-A65E-8E40F5475B3B}.RelWithDebInfo|x64.ActiveCfg = RelWithDebInfo|x64
		{633B63E4-AC39-3498-A65E-8E40F5475B3B}.RelWithDebInfo|x64.Build.0 = RelWithDebInfo|x64
		{8408FA1B-F316-39BD-9D35-EC9FE9D7766C}.Debug|x64.ActiveCfg = Debug|x64
		{8408FA1B-F316-39BD-9D35-EC9FE9D7766C}.Debug|x64.Build.0 = Debug|x64
		{8408FA1B-F316-39BD-9D35-EC9FE9D7766C}.Release|x64.ActiveCfg = Release|x64
		{8408FA1B-F316-39BD-9D35-EC9FE9D7766C}.Release|x64.Build.0 = Release|x64
		{8408FA1B-F316-39BD-9D35-EC9FE9D7766C}.MinSizeRel|x64.ActiveCfg = MinSizeRel|x64
		{8408FA1B-F316-39BD-9D35-EC9FE9D7766C}.MinSizeRel|x64.Build.0 = MinSizeRel|x64
		{8408FA1B-F316-39BD-9D35-EC9FE9D7766C}.RelWithDebInfo|x64.ActiveCfg = RelWithDebInfo|x64
		{8408FA1B-F316-39BD-9D35-EC9FE9D7766C}.RelWithDebInfo|x64.Build.0 = RelWithDebInfo|x64
		{087A4104-0ABE-3F9E-9246-233FBC5EA95E}.Debug|x64.ActiveCfg = Debug|x64
		{087A4104-0ABE-3F9E-9246-233FBC5EA95E}.Debug|x64.Build.0 = Debug|x64
		{087A4104-0ABE-3F9E-9246-233FBC5EA95E}.Release|x64.ActiveCfg = Release|x64
		{087A4104-0ABE-3F9E-9246-233FBC5EA95E}.Release|x64.Build.0 = Release|x64
		{087A4104-0ABE-3F9E-9246-233FBC5EA95E}.MinSizeRel|x64.ActiveCfg = MinSizeRel|x64
		{087A4104-0ABE-3F9E-9246-233FBC5EA95E}.MinSizeRel|x64.Build.0 = MinSizeRel|x64
		{087A4104-0ABE-3F9E-9246-233FBC5EA95E}.RelWithDebInfo|x64.ActiveCfg = RelWithDebInfo|x64
		{087A4104-0ABE-3F9E-9246-233FBC5EA95E}.RelWithDebInfo|x64.Build.0 = RelWithDebInfo|x64
		{2AC2CC3B-18C2-3D84-8707-8447A5130236}.Debug|x64.ActiveCfg = Debug|x64
		{2AC2CC3B-18C2-3D84-8707-8447A5130236}.Debug|x64.Build.0 = Debug|x64
		{2AC2CC3B-18C2-3D84-8707-8447A5130236}.Release|x64.ActiveCfg = Release|x64
		{2AC2CC3B-18C2-3D84-8707-8447A5130236}.Release|x64.Build.0 = Release|x64
		{2AC2CC3B-18C2-3D84-8707-8447A5130236}.MinSizeRel|x64.ActiveCfg = MinSizeRel|x64
		{2AC2CC3B-18C2-3D84-8707-8447A5130236}.MinSizeRel|x64.Build.0 = MinSizeRel|x64
		{2AC2CC3B-18C2-3D84-8707-8447A5130236}.RelWithDebInfo|x64.ActiveCfg = RelWithDebInfo|x64
		{2AC2CC3B-18C2-3D84-8707-8447A5130236}.RelWithDebInfo|x64.Build.0 = RelWithDebInfo|x64
		{452B794A-A445-3548-A55F-9192B51D5315}.Debug|x64.ActiveCfg = Debug|x64
		{452B794A-A445-3548-A55F-9192B51D5315}.Debug|x64.Build.0 = Debug|x64
		{452B794A-A445-3548-A55F-9192B51D5315}.Release|x64.ActiveCfg = Release|x64
		{452B794A-A445-3548-A55F-9192B51D5315}.Release|x64.Build.0 = Release|x64
		{452B794A-A445-3548-A55F-9192B51D5315}.MinSizeRel|x64.ActiveCfg = MinSizeRel|x64
		{452B794A-A445-3548-A55F-9192B51D5315}.MinSizeRel|x64.Build.0 = MinSizeRel|x64
		{452B794A-A445-3548-A55F-9192B51D5315}.RelWithDebInfo|x64.ActiveCfg = RelWithDebInfo|x64
		{452B794A-A445-3548-A55F-9192B51D5315}.RelWithDebInfo|x64.Build.0 = RelWithDebInfo|x64
		{C3C84C3D-BDBA-310F-B9AC-633887E54134}.Debug|x64.ActiveCfg = Debug|x64
		{C3C84C3D-BDBA-310F-B9AC-633887E54134}.Debug|x64.Build.0 = Debug|x64
		{C3C84C3D-BDBA-310F-B9AC-633887E54134}.Release|x64.ActiveCfg = Release|x64
		{C3C84C3D-BDBA-310F-B9AC-633887E54134}.Release|x64.Build.0 = Release|x64
		{C3C84C3D-BDBA-310F-B9AC-633887E54134}.MinSizeRel|x64.ActiveCfg = MinSizeRel|x64
		{C3C84C3D-BDBA-310F-B9AC-633887E54134}.MinSizeRel|x64.Build.0 = MinSizeRel|x64
		{C3C84C3D-BDBA-310F-B9AC-633887E54134}.RelWithDebInfo|x64.ActiveCfg = RelWithDebInfo|x64
		{C3C84C3D-BDBA-310F-B9AC-633887E54134}.RelWithDebInfo|x64.Build.0 = RelWithDebInfo|x64
		{069AAE44-75A7-3520-A6EE-FD32F4348A98}.Debug|x64.ActiveCfg = Debug|x64
		{069AAE44-75A7-3520-A6EE-FD32F4348A98}.Debug|x64.Build.0 = Debug|x64
		{069AAE44-75A7-3520-A6EE-FD32F4348A98}.Release|x64.ActiveCfg = Release|x64
		{069AAE44-75A7-3520-A6EE-FD32F4348A98}.Release|x64.Build.0 = Release|x64
		{069AAE44-75A7-3520-A6EE-FD32F4348A98}.MinSizeRel|x64.ActiveCfg = MinSizeRel|x64
		{069AAE44-75A7-3520-A6EE-FD32F4348A98}.MinSizeRel|x64.Build.0 = MinSizeRel|x64
		{069AAE44-75A7-3520-A6EE-FD32F4348A98}.RelWithDebInfo|x64.ActiveCfg = RelWithDebInfo|x64
		{069AAE44-75A7-3520-A6EE-FD32F4348A98}.RelWithDebInfo|x64.Build.0 = RelWithDebInfo|x64
		{45F60577-68C7-33EA-8E49-94C291509683}.Debug|x64.ActiveCfg = Debug|x64
		{45F60577-68C7-33EA-8E49-94C291509683}.Debug|x64.Build.0 = Debug|x64
		{45F60577-68C7-33EA-8E49-94C291509683}.Release|x64.ActiveCfg = Release|x64
		{45F60577-68C7-33EA-8E49-94C291509683}.Release|x64.Build.0 = Release|x64
		{45F60577-68C7-33EA-8E49-94C291509683}.MinSizeRel|x64.ActiveCfg = MinSizeRel|x64
		{45F60577-68C7-33EA-8E49-94C291509683}.MinSizeRel|x64.Build.0 = MinSizeRel|x64
		{45F60577-68C7-33EA-8E49-94C291509683}.RelWithDebInfo|x64.ActiveCfg = RelWithDebInfo|x64
		{45F60577-68C7-33EA-8E49-94C291509683}.RelWithDebInfo|x64.Build.0 = RelWithDebInfo|x64
		{60F597B8-36A8-3B51-A47D-3C916F1B53AC}.Debug|x64.ActiveCfg = Debug|x64
		{60F597B8-36A8-3B51-A47D-3C916F1B53AC}.Debug|x64.Build.0 = Debug|x64
		{60F597B8-36A8-3B51-A47D-3C916F1B53AC}.Release|x64.ActiveCfg = Release|x64
		{60F597B8-36A8-3B51-A47D-3C916F1B53AC}.Release|x64.Build.0 = Release|x64
		{60F597B8-36A8-3B51-A47D-3C916F1B53AC}.MinSizeRel|x64.ActiveCfg = MinSizeRel|x64
		{60F597B8-36A8-3B51-A47D-3C916F1B53AC}.MinSizeRel|x64.Build.0 = MinSizeRel|x64
		{60F597B8-36A8-3B51-A47D-3C916F1B53AC}.RelWithDebInfo|x64.ActiveCfg = RelWithDebInfo|x64
		{60F597B8-36A8-3B51-A47D-3C916F1B53AC}.RelWithDebInfo|x64.Build.0 = RelWithDebInfo|x64
		{4351D445-4699-3DEE-801A-287FB97C158A}.Debug|x64.ActiveCfg = Debug|x64
		{4351D445-4699-3DEE-801A-287FB97C158A}.Debug|x64.Build.0 = Debug|x64
		{4351D445-4699-3DEE-801A-287FB97C158A}.Release|x64.ActiveCfg = Release|x64
		{4351D445-4699-3DEE-801A-287FB97C158A}.Release|x64.Build.0 = Release|x64
		{4351D445-4699-3DEE-801A-287FB97C158A}.MinSizeRel|x64.ActiveCfg = MinSizeRel|x64
		{4351D445-4699-3DEE-801A-287FB97C158A}.MinSizeRel|x64.Build.0 = MinSizeRel|x64
		{4351D445-4699-3DEE-801A-287FB97C158A}.RelWithDebInfo|x64.ActiveCfg = RelWithDebInfo|x64
		{4351D445-4699-3DEE-801A-287FB97C158A}.RelWithDebInfo|x64.Build.0 = RelWithDebInfo|x64
		{7E742AF4-E991-3E1A-9385-94188971D43E}.Debug|x64.ActiveCfg = Debug|x64
		{7E742AF4-E991-3E1A-9385-94188971D43E}.Debug|x64.Build.0 = Debug|x64
		{7E742AF4-E991-3E1A-9385-94188971D43E}.Release|x64.ActiveCfg = Release|x64
		{7E742AF4-E991-3E1A-9385-94188971D43E}.Release|x64.Build.0 = Release|x64
		{7E742AF4-E991-3E1A-9385-94188971D43E}.MinSizeRel|x64.ActiveCfg = MinSizeRel|x64
		{7E742AF4-E991-3E1A-9385-94188971D43E}.MinSizeRel|x64.Build.0 = MinSizeRel|x64
		{7E742AF4-E991-3E1A-9385-94188971D43E}.RelWithDebInfo|x64.ActiveCfg = RelWithDebInfo|x64
		{7E742AF4-E991-3E1A-9385-94188971D43E}.RelWithDebInfo|x64.Build.0 = RelWithDebInfo|x64
		{DD4B797F-B567-367B-840B-739236E32FD2}.Debug|x64.ActiveCfg = Debug|x64
		{DD4B797F-B567-367B-840B-739236E32FD2}.Debug|x64.Build.0 = Debug|x64
		{DD4B797F-B567-367B-840B-739236E32FD2}.Release|x64.ActiveCfg = Release|x64
		{DD4B797F-B567-367B-840B-739236E32FD2}.Release|x64.Build.0 = Release|x64
		{DD4B797F-B567-367B-840B-739236E32FD2}.MinSizeRel|x64.ActiveCfg = MinSizeRel|x64
		{DD4B797F-B567-367B-840B-739236E32FD2}.MinSizeRel|x64.Build.0 = MinSizeRel|x64
		{DD4B797F-B567-367B-840B-739236E32FD2}.RelWithDebInfo|x64.ActiveCfg = RelWithDebInfo|x64
		{DD4B797F-B567-367B-840B-739236E32FD2}.RelWithDebInfo|x64.Build.0 = RelWithDebInfo|x64
		{4360FF7A-16E0-3344-B411-20E39A060EE1}.Debug|x64.ActiveCfg = Debug|x64
		{4360FF7A-16E0-3344-B411-20E39A060EE1}.Debug|x64.Build.0 = Debug|x64
		{4360FF7A-16E0-3344-B411-20E39A060EE1}.Release|x64.ActiveCfg = Release|x64
		{4360FF7A-16E0-3344-B411-20E39A060EE1}.Release|x64.Build.0 = Release|x64
		{4360FF7A-16E0-3344-B411-20E39A060EE1}.MinSizeRel|x64.ActiveCfg = MinSizeRel|x64
		{4360FF7A-16E0-3344-B411-20E39A060EE1}.MinSizeRel|x64.Build.0 = MinSizeRel|x64
		{4360FF7A-16E0-3344-B411-20E39A060EE1}.RelWithDebInfo|x64.ActiveCfg = RelWithDebInfo|x64
		{4360FF7A-16E0-3344-B411-20E39A060EE1}.RelWithDebInfo|x64.Build.0 = RelWithDebInfo|x64
		{7C4BC470-D90F-3044-84B5-B6489D721B14}.Debug|x64.ActiveCfg = Debug|x64
		{7C4BC470-D90F-3044-84B5-B6489D721B14}.Debug|x64.Build.0 = Debug|x64
		{7C4BC470-D90F-3044-84B5-B6489D721B14}.Release|x64.ActiveCfg = Release|x64
		{7C4BC470-D90F-3044-84B5-B6489D721B14}.Release|x64.Build.0 = Release|x64
		{7C4BC470-D90F-3044-84B5-B6489D721B14}.MinSizeRel|x64.ActiveCfg = MinSizeRel|x64
		{7C4BC470-D90F-3044-84B5-B6489D721B14}.MinSizeRel|x64.Build.0 = MinSizeRel|x64
		{7C4BC470-D90F-3044-84B5-B6489D721B14}.RelWithDebInfo|x64.ActiveCfg = RelWithDebInfo|x64
		{7C4BC470-D90F-3044-84B5-B6489D721B14}.RelWithDebInfo|x64.Build.0 = RelWithDebInfo|x64
		{D20282A3-4C0E-303C-A560-416712BE5499}.Debug|x64.ActiveCfg = Debug|x64
		{D20282A3-4C0E-303C-A560-416712BE5499}.Debug|x64.Build.0 = Debug|x64
		{D20282A3-4C0E-303C-A560-416712BE5499}.Release|x64.ActiveCfg = Release|x64
		{D20282A3-4C0E-303C-A560-416712BE5499}.Release|x64.Build.0 = Release|x64
		{D20282A3-4C0E-303C-A560-416712BE5499}.MinSizeRel|x64.ActiveCfg = MinSizeRel|x64
		{D20282A3-4C0E-303C-A560-416712BE5499}.MinSizeRel|x64.Build.0 = MinSizeRel|x64
		{D20282A3-4C0E-303C-A560-416712BE5499}.RelWithDebInfo|x64.ActiveCfg = RelWithDebInfo|x64
		{D20282A3-4C0E-303C-A560-416712BE5499}.RelWithDebInfo|x64.Build.0 = RelWithDebInfo|x64
		{846283A6-6457-3E70-952B-2439E99C3A2E}.Debug|x64.ActiveCfg = Debug|x64
		{846283A6-6457-3E70-952B-2439E99C3A2E}.Debug|x64.Build.0 = Debug|x64
		{846283A6-6457-3E70-952B-2439E99C3A2E}.Release|x64.ActiveCfg = Release|x64
		{846283A6-6457-3E70-952B-2439E99C3A2E}.Release|x64.Build.0 = Release|x64
		{846283A6-6457-3E70-952B-2439E99C3A2E}.MinSizeRel|x64.ActiveCfg = MinSizeRel|x64
		{846283A6-6457-3E70-952B-2439E99C3A2E}.MinSizeRel|x64.Build.0 = MinSizeRel|x64
		{846283A6-6457-3E70-952B-2439E99C3A2E}.RelWithDebInfo|x64.ActiveCfg = RelWithDebInfo|x64
		{846283A6-6457-3E70-952B-2439E99C3A2E}.RelWithDebInfo|x64.Build.0 = RelWithDebInfo|x64
		{CB4FD2E7-C6BC-3762-BB8D-ECFDA18452C6}.Debug|x64.ActiveCfg = Debug|x64
		{CB4FD2E7-C6BC-3762-BB8D-ECFDA18452C6}.Debug|x64.Build.0 = Debug|x64
		{CB4FD2E7-C6BC-3762-BB8D-ECFDA18452C6}.Release|x64.ActiveCfg = Release|x64
		{CB4FD2E7-C6BC-3762-BB8D-ECFDA18452C6}.Release|x64.Build.0 = Release|x64
		{CB4FD2E7-C6BC-3762-BB8D-ECFDA18452C6}.MinSizeRel|x64.ActiveCfg = MinSizeRel|x64
		{CB4FD2E7-C6BC-3762-BB8D-ECFDA18452C6}.MinSizeRel|x64.Build.0 = MinSizeRel|x64
		{CB4FD2E7-C6BC-3762-BB8D-ECFDA18452C6}.RelWithDebInfo|x64.ActiveCfg = RelWithDebInfo|x64
		{CB4FD2E7-C6BC-3762-BB8D-ECFDA18452C6}.RelWithDebInfo|x64.Build.0 = RelWithDebInfo|x64
		{E9353B22-87A8-3E59-A559-EAE5A15FB01B}.Debug|x64.ActiveCfg = Debug|x64
		{E9353B22-87A8-3E59-A559-EAE5A15FB01B}.Release|x64.ActiveCfg = Release|x64
		{E9353B22-87A8-3E59-A559-EAE5A15FB01B}.MinSizeRel|x64.ActiveCfg = MinSizeRel|x64
		{E9353B22-87A8-3E59-A559-EAE5A15FB01B}.RelWithDebInfo|x64.ActiveCfg = RelWithDebInfo|x64
		{38CCCEF2-FA50-390F-810E-0B6CFA0866AC}.Debug|x64.ActiveCfg = Debug|x64
		{38CCCEF2-FA50-390F-810E-0B6CFA0866AC}.Debug|x64.Build.0 = Debug|x64
		{38CCCEF2-FA50-390F-810E-0B6CFA0866AC}.Release|x64.ActiveCfg = Release|x64
		{38CCCEF2-FA50-390F-810E-0B6CFA0866AC}.Release|x64.Build.0 = Release|x64
		{38CCCEF2-FA50-390F-810E-0B6CFA0866AC}.MinSizeRel|x64.ActiveCfg = MinSizeRel|x64
		{38CCCEF2-FA50-390F-810E-0B6CFA0866AC}.MinSizeRel|x64.Build.0 = MinSizeRel|x64
		{38CCCEF2-FA50-390F-810E-0B6CFA0866AC}.RelWithDebInfo|x64.ActiveCfg = RelWithDebInfo|x64
		{38CCCEF2-FA50-390F-810E-0B6CFA0866AC}.RelWithDebInfo|x64.Build.0 = RelWithDebInfo|x64
		{95DC0618-1C43-31E6-911F-C620ECA9C6F1}.Debug|x64.ActiveCfg = Debug|x64
		{95DC0618-1C43-31E6-911F-C620ECA9C6F1}.Debug|x64.Build.0 = Debug|x64
		{95DC0618-1C43-31E6-911F-C620ECA9C6F1}.Release|x64.ActiveCfg = Release|x64
		{95DC0618-1C43-31E6-911F-C620ECA9C6F1}.Release|x64.Build.0 = Release|x64
		{95DC0618-1C43-31E6-911F-C620ECA9C6F1}.MinSizeRel|x64.ActiveCfg = MinSizeRel|x64
		{95DC0618-1C43-31E6-911F-C620ECA9C6F1}.MinSizeRel|x64.Build.0 = MinSizeRel|x64
		{95DC0618-1C43-31E6-911F-C620ECA9C6F1}.RelWithDebInfo|x64.ActiveCfg = RelWithDebInfo|x64
		{95DC0618-1C43-31E6-911F-C620ECA9C6F1}.RelWithDebInfo|x64.Build.0 = RelWithDebInfo|x64
		{41A223A9-FDB4-3595-8241-DD9464931689}.Debug|x64.ActiveCfg = Debug|x64
		{41A223A9-FDB4-3595-8241-DD9464931689}.Debug|x64.Build.0 = Debug|x64
		{41A223A9-FDB4-3595-8241-DD9464931689}.Release|x64.ActiveCfg = Release|x64
		{41A223A9-FDB4-3595-8241-DD9464931689}.Release|x64.Build.0 = Release|x64
		{41A223A9-FDB4-3595-8241-DD9464931689}.MinSizeRel|x64.ActiveCfg = MinSizeRel|x64
		{41A223A9-FDB4-3595-8241-DD9464931689}.MinSizeRel|x64.Build.0 = MinSizeRel|x64
		{41A223A9-FDB4-3595-8241-DD9464931689}.RelWithDebInfo|x64.ActiveCfg = RelWithDebInfo|x64
		{41A223A9-FDB4-3595-8241-DD9464931689}.RelWithDebInfo|x64.Build.0 = RelWithDebInfo|x64
	EndGlobalSection
	GlobalSection(NestedProjects) = preSolution
		{34C3CF53-1681-3108-99D7-147E7C42B9C6} = {014F400F-4760-3818-9E3F-BF6238F3D652}
		{06F5D842-76AC-3D15-9EA1-F1770475D2C0} = {014F400F-4760-3818-9E3F-BF6238F3D652}
		{30C9E8E4-4E44-3CBA-B7BA-B3EB6083468B} = {014F400F-4760-3818-9E3F-BF6238F3D652}
		{6FC38C6E-5339-3C3D-A34C-8F8662324B35} = {AB455C00-4318-3517-A569-6D3DEEFDBBFE}
		{2791F4CD-5446-3672-8E57-1AED4E17424D} = {AB455C00-4318-3517-A569-6D3DEEFDBBFE}
		{E5EAF601-6F1B-3357-996B-B920FE43243A} = {AB455C00-4318-3517-A569-6D3DEEFDBBFE}
		{B78042CA-433F-37E1-BCF8-FDF5890AC9E9} = {6FC38C6E-5339-3C3D-A34C-8F8662324B35}
		{67E236E1-82AC-32EA-9530-A723A69EBFE9} = {6FC38C6E-5339-3C3D-A34C-8F8662324B35}
		{47C0F331-B82F-3290-9458-17CB2773151B} = {6FC38C6E-5339-3C3D-A34C-8F8662324B35}
		{51FC32E0-6D46-3DE4-AC74-BEFBF6F55062} = {6FC38C6E-5339-3C3D-A34C-8F8662324B35}
		{03F0E441-55E8-337B-9467-6A14076729E9} = {6FC38C6E-5339-3C3D-A34C-8F8662324B35}
		{78C64FA7-8E9B-3F48-8320-621BFE46CB06} = {6FC38C6E-5339-3C3D-A34C-8F8662324B35}
		{38CCCEF2-FA50-390F-810E-0B6CFA0866AC} = {6FC38C6E-5339-3C3D-A34C-8F8662324B35}
		{5919C133-755C-3869-ACB9-CD668ADD750B} = {2791F4CD-5446-3672-8E57-1AED4E17424D}
		{C3233C75-BC8A-3675-A35A-C9CE8AD2FEEF} = {2791F4CD-5446-3672-8E57-1AED4E17424D}
		{D4693873-D437-3653-AC3C-36888A6CF7B3} = {2791F4CD-5446-3672-8E57-1AED4E17424D}
		{0FD0762F-546A-3809-A103-7B7E8537ED57} = {2791F4CD-5446-3672-8E57-1AED4E17424D}
		{0EDF2B99-ABB7-35B6-B660-E6676BFA7251} = {2791F4CD-5446-3672-8E57-1AED4E17424D}
		{6D1E775C-D866-3C3E-B71A-793ACE300F41} = {2791F4CD-5446-3672-8E57-1AED4E17424D}
		{0BCD85F5-4833-353C-84AC-264883B9E0FB} = {2791F4CD-5446-3672-8E57-1AED4E17424D}
		{53F7BF3B-678E-3404-9AEE-3F3D4BCDCB0A} = {2791F4CD-5446-3672-8E57-1AED4E17424D}
		{A42D931E-D105-35CD-8865-24DCBF2824E8} = {2791F4CD-5446-3672-8E57-1AED4E17424D}
		{2C829DA5-679A-3402-BC7E-373FF20D7751} = {2791F4CD-5446-3672-8E57-1AED4E17424D}
		{5E4B759A-2709-3CD9-A57F-A06CF968EA54} = {2791F4CD-5446-3672-8E57-1AED4E17424D}
		{161ECB27-701E-3390-89BF-BBE9BDB9510E} = {2791F4CD-5446-3672-8E57-1AED4E17424D}
		{0B6FFAFB-0FB9-3DAA-BE92-DB524156903F} = {2791F4CD-5446-3672-8E57-1AED4E17424D}
		{C83B0B4A-24FE-3126-ACB6-9A4B929BE133} = {2791F4CD-5446-3672-8E57-1AED4E17424D}
		{D5655046-7C32-3086-B4AA-7D72BA83429C} = {2791F4CD-5446-3672-8E57-1AED4E17424D}
		{95DC0618-1C43-31E6-911F-C620ECA9C6F1} = {2791F4CD-5446-3672-8E57-1AED4E17424D}
	EndGlobalSection
	GlobalSection(ExtensibilityGlobals) = postSolution
		SolutionGuid = {F516768E-8C2E-306E-8DB3-084752E89D29}
	EndGlobalSection
	GlobalSection(ExtensibilityAddIns) = postSolution
	EndGlobalSection
EndGlobal
